// !$*UTF8*$!
{
	archiveVersion = 1;
	classes = {
	};
	objectVersion = 46;
	objects = {

/* Begin PBXBuildFile section */
		051EA8711CBDE85200DFAF3A /* SetupCategoriesViewController.m in Sources */ = {isa = PBXBuildFile; fileRef = 051EA8701CBDE85200DFAF3A /* SetupCategoriesViewController.m */; };
		051EA8741CBDE86700DFAF3A /* AdminTableViewController.m in Sources */ = {isa = PBXBuildFile; fileRef = 051EA8731CBDE86700DFAF3A /* AdminTableViewController.m */; };
		052D01D51CF523CA00F32BED /* FirebaseAnalytics.framework in Frameworks */ = {isa = PBXBuildFile; fileRef = 052D01D41CF523C900F32BED /* FirebaseAnalytics.framework */; };
		052D01D91CF5240C00F32BED /* FirebaseInstanceID.framework in Frameworks */ = {isa = PBXBuildFile; fileRef = 052D01D61CF5240C00F32BED /* FirebaseInstanceID.framework */; };
		052D01DA1CF5240C00F32BED /* GoogleInterchangeUtilities.framework in Frameworks */ = {isa = PBXBuildFile; fileRef = 052D01D71CF5240C00F32BED /* GoogleInterchangeUtilities.framework */; };
		052D01DB1CF5240C00F32BED /* GoogleSymbolUtilities.framework in Frameworks */ = {isa = PBXBuildFile; fileRef = 052D01D81CF5240C00F32BED /* GoogleSymbolUtilities.framework */; };
		052D01DD1CF5243700F32BED /* GoogleUtilities.framework in Frameworks */ = {isa = PBXBuildFile; fileRef = 052D01DC1CF5243700F32BED /* GoogleUtilities.framework */; };
		052D01ED1CFB1B8B00F32BED /* GeoFire.m in Sources */ = {isa = PBXBuildFile; fileRef = 052D01E21CFB1B8B00F32BED /* GeoFire.m */; };
		052D01EE1CFB1B8B00F32BED /* GFBase32Utils.m in Sources */ = {isa = PBXBuildFile; fileRef = 052D01E41CFB1B8B00F32BED /* GFBase32Utils.m */; };
		052D01EF1CFB1B8B00F32BED /* GFGeoHash.m in Sources */ = {isa = PBXBuildFile; fileRef = 052D01E71CFB1B8B00F32BED /* GFGeoHash.m */; };
		052D01F01CFB1B8B00F32BED /* GFGeoHashQuery.m in Sources */ = {isa = PBXBuildFile; fileRef = 052D01E91CFB1B8B00F32BED /* GFGeoHashQuery.m */; };
		052D01F11CFB1B8B00F32BED /* GFQuery.m in Sources */ = {isa = PBXBuildFile; fileRef = 052D01EB1CFB1B8B00F32BED /* GFQuery.m */; };
		052D01F41CFC892F00F32BED /* PostReviewViewController.m in Sources */ = {isa = PBXBuildFile; fileRef = 052D01F31CFC892F00F32BED /* PostReviewViewController.m */; };
		052D01F71CFFC6B300F32BED /* ImageModel.m in Sources */ = {isa = PBXBuildFile; fileRef = 052D01F61CFFC6B300F32BED /* ImageModel.m */; };
		052D01F91CFFC95F00F32BED /* FirebaseStorage.framework in Frameworks */ = {isa = PBXBuildFile; fileRef = 052D01F81CFFC95F00F32BED /* FirebaseStorage.framework */; };
		0538C4CC1C9BB7E60013A07D /* MapKit.framework in Frameworks */ = {isa = PBXBuildFile; fileRef = 0538C4CB1C9BB7E60013A07D /* MapKit.framework */; };
		0538C4CE1C9BB7F60013A07D /* CoreLocation.framework in Frameworks */ = {isa = PBXBuildFile; fileRef = 0538C4CD1C9BB7F60013A07D /* CoreLocation.framework */; };
		0538C5201C9F38460013A07D /* FarmLocationsViewController.m in Sources */ = {isa = PBXBuildFile; fileRef = 0538C51F1C9F38460013A07D /* FarmLocationsViewController.m */; };
		0538C5231C9F3E2F0013A07D /* AZDraggableAnnotationView.m in Sources */ = {isa = PBXBuildFile; fileRef = 0538C5221C9F3E2F0013A07D /* AZDraggableAnnotationView.m */; };
		0538C5261C9F3E430013A07D /* ChooseLocationViewController.m in Sources */ = {isa = PBXBuildFile; fileRef = 0538C5251C9F3E430013A07D /* ChooseLocationViewController.m */; };
		0538C5291C9FA4F00013A07D /* EditProfileViewController.m in Sources */ = {isa = PBXBuildFile; fileRef = 0538C5281C9FA4F00013A07D /* EditProfileViewController.m */; };
		0538C52E1C9FA93A0013A07D /* EditDescriptionViewController.m in Sources */ = {isa = PBXBuildFile; fileRef = 0538C52D1C9FA93A0013A07D /* EditDescriptionViewController.m */; };
		0538C5351CA0C47D0013A07D /* HelpViewController.m in Sources */ = {isa = PBXBuildFile; fileRef = 0538C5341CA0C47D0013A07D /* HelpViewController.m */; };
		0538C5381CA0C8050013A07D /* InviteFriendsViewController.m in Sources */ = {isa = PBXBuildFile; fileRef = 0538C5371CA0C8050013A07D /* InviteFriendsViewController.m */; };
		05481D681D4E866C00360062 /* MessageUI.framework in Frameworks */ = {isa = PBXBuildFile; fileRef = 05481D671D4E866C00360062 /* MessageUI.framework */; };
		054A14CF1C8B9FD600F32A17 /* main.m in Sources */ = {isa = PBXBuildFile; fileRef = 054A14CE1C8B9FD600F32A17 /* main.m */; };
		054A14D21C8B9FD600F32A17 /* AppDelegate.m in Sources */ = {isa = PBXBuildFile; fileRef = 054A14D11C8B9FD600F32A17 /* AppDelegate.m */; };
		054A14D81C8B9FD600F32A17 /* Main.storyboard in Resources */ = {isa = PBXBuildFile; fileRef = 054A14D61C8B9FD600F32A17 /* Main.storyboard */; };
		054A14DB1C8B9FD600F32A17 /* Farm_Fresh.xcdatamodeld in Sources */ = {isa = PBXBuildFile; fileRef = 054A14D91C8B9FD600F32A17 /* Farm_Fresh.xcdatamodeld */; };
		054A14DD1C8B9FD600F32A17 /* Assets.xcassets in Resources */ = {isa = PBXBuildFile; fileRef = 054A14DC1C8B9FD600F32A17 /* Assets.xcassets */; };
		054A14E01C8B9FD600F32A17 /* LaunchScreen.storyboard in Resources */ = {isa = PBXBuildFile; fileRef = 054A14DE1C8B9FD600F32A17 /* LaunchScreen.storyboard */; };
		054A14EB1C8B9FD600F32A17 /* Farm_FreshTests.m in Sources */ = {isa = PBXBuildFile; fileRef = 054A14EA1C8B9FD600F32A17 /* Farm_FreshTests.m */; };
		054A14F61C8B9FD600F32A17 /* Farm_FreshUITests.m in Sources */ = {isa = PBXBuildFile; fileRef = 054A14F51C8B9FD600F32A17 /* Farm_FreshUITests.m */; };
		054A15061C8BA17800F32A17 /* libicucore.tbd in Frameworks */ = {isa = PBXBuildFile; fileRef = 054A15051C8BA17800F32A17 /* libicucore.tbd */; };
		054A15081C8BA17F00F32A17 /* libc++.tbd in Frameworks */ = {isa = PBXBuildFile; fileRef = 054A15071C8BA17F00F32A17 /* libc++.tbd */; };
		054A150A1C8BA18500F32A17 /* CFNetwork.framework in Frameworks */ = {isa = PBXBuildFile; fileRef = 054A15091C8BA18500F32A17 /* CFNetwork.framework */; };
		054A150C1C8BA18B00F32A17 /* Security.framework in Frameworks */ = {isa = PBXBuildFile; fileRef = 054A150B1C8BA18B00F32A17 /* Security.framework */; };
		054A150E1C8BA19200F32A17 /* SystemConfiguration.framework in Frameworks */ = {isa = PBXBuildFile; fileRef = 054A150D1C8BA19200F32A17 /* SystemConfiguration.framework */; };
		054A15131C8BA2D300F32A17 /* FBSDKCoreKit.framework in Frameworks */ = {isa = PBXBuildFile; fileRef = 054A15101C8BA2D300F32A17 /* FBSDKCoreKit.framework */; };
		054A15141C8BA2D300F32A17 /* FBSDKLoginKit.framework in Frameworks */ = {isa = PBXBuildFile; fileRef = 054A15111C8BA2D300F32A17 /* FBSDKLoginKit.framework */; };
		054A15151C8BA2D300F32A17 /* FBSDKShareKit.framework in Frameworks */ = {isa = PBXBuildFile; fileRef = 054A15121C8BA2D300F32A17 /* FBSDKShareKit.framework */; };
		054A15181C8BA94D00F32A17 /* HomeViewController.m in Sources */ = {isa = PBXBuildFile; fileRef = 054A15171C8BA94D00F32A17 /* HomeViewController.m */; };
		054A151B1C8C6A9B00F32A17 /* ProduceModel.m in Sources */ = {isa = PBXBuildFile; fileRef = 054A151A1C8C6A9B00F32A17 /* ProduceModel.m */; };
		054A151E1C90D8E500F32A17 /* MainMenuViewController.m in Sources */ = {isa = PBXBuildFile; fileRef = 054A151D1C90D8E500F32A17 /* MainMenuViewController.m */; };
		054A15241C90DD8600F32A17 /* AddressBook.framework in Frameworks */ = {isa = PBXBuildFile; fileRef = 054A15231C90DD8600F32A17 /* AddressBook.framework */; };
		054A15261C90DD8F00F32A17 /* SafariServices.framework in Frameworks */ = {isa = PBXBuildFile; fileRef = 054A15251C90DD8F00F32A17 /* SafariServices.framework */; };
		054A152E1C90E66200F32A17 /* libz.tbd in Frameworks */ = {isa = PBXBuildFile; fileRef = 054A152D1C90E66200F32A17 /* libz.tbd */; };
		054A15311C930C4C00F32A17 /* SignUpViewController.m in Sources */ = {isa = PBXBuildFile; fileRef = 054A15301C930C4C00F32A17 /* SignUpViewController.m */; };
		054A15321C930C4C00F32A17 /* SignUpViewController.m in Sources */ = {isa = PBXBuildFile; fileRef = 054A15301C930C4C00F32A17 /* SignUpViewController.m */; };
		054A15331C930C4C00F32A17 /* SignUpViewController.m in Sources */ = {isa = PBXBuildFile; fileRef = 054A15301C930C4C00F32A17 /* SignUpViewController.m */; };
		054A15361C9355A600F32A17 /* UserModel.m in Sources */ = {isa = PBXBuildFile; fileRef = 054A15351C9355A600F32A17 /* UserModel.m */; };
		054A15371C9355A600F32A17 /* UserModel.m in Sources */ = {isa = PBXBuildFile; fileRef = 054A15351C9355A600F32A17 /* UserModel.m */; };
		054A15381C9355A600F32A17 /* UserModel.m in Sources */ = {isa = PBXBuildFile; fileRef = 054A15351C9355A600F32A17 /* UserModel.m */; };
		054A153C1C9789DB00F32A17 /* EmailSignUpViewController.m in Sources */ = {isa = PBXBuildFile; fileRef = 054A153B1C9789DB00F32A17 /* EmailSignUpViewController.m */; };
		054A153D1C9789DB00F32A17 /* EmailSignUpViewController.m in Sources */ = {isa = PBXBuildFile; fileRef = 054A153B1C9789DB00F32A17 /* EmailSignUpViewController.m */; };
		054A153E1C9789DB00F32A17 /* EmailSignUpViewController.m in Sources */ = {isa = PBXBuildFile; fileRef = 054A153B1C9789DB00F32A17 /* EmailSignUpViewController.m */; };
		054A15411C98EBB200F32A17 /* QuartzCore.framework in Frameworks */ = {isa = PBXBuildFile; fileRef = 054A15401C98EBB200F32A17 /* QuartzCore.framework */; };
		054A15431C98EBBC00F32A17 /* Accelerate.framework in Frameworks */ = {isa = PBXBuildFile; fileRef = 054A15421C98EBBC00F32A17 /* Accelerate.framework */; };
		054A15461C98EE7900F32A17 /* UIView+AddOns.m in Sources */ = {isa = PBXBuildFile; fileRef = 054A15451C98EE7900F32A17 /* UIView+AddOns.m */; };
		054A15491C9903B500F32A17 /* HelperMethods.m in Sources */ = {isa = PBXBuildFile; fileRef = 054A15481C9903B500F32A17 /* HelperMethods.m */; };
		054A154C1C99048000F32A17 /* UIImage+ImageEffects.m in Sources */ = {isa = PBXBuildFile; fileRef = 054A154B1C99048000F32A17 /* UIImage+ImageEffects.m */; };
		054A154F1C9A5A3E00F32A17 /* FarmerSetupViewController.m in Sources */ = {isa = PBXBuildFile; fileRef = 054A154E1C9A5A3E00F32A17 /* FarmerSetupViewController.m */; };
		055948BB1CA16A2700608592 /* NotificationsViewController.m in Sources */ = {isa = PBXBuildFile; fileRef = 055948BA1CA16A2700608592 /* NotificationsViewController.m */; };
		05681D0E1CE959CD000B487F /* UIImage+Resize.m in Sources */ = {isa = PBXBuildFile; fileRef = 05681D0D1CE959CD000B487F /* UIImage+Resize.m */; };
		05681D1B1CEDCBB8000B487F /* FirebaseAuth.framework in Frameworks */ = {isa = PBXBuildFile; fileRef = 05681D191CEDCBB8000B487F /* FirebaseAuth.framework */; };
		05681D1C1CEDCBB8000B487F /* GoogleNetworkingUtilities.framework in Frameworks */ = {isa = PBXBuildFile; fileRef = 05681D1A1CEDCBB8000B487F /* GoogleNetworkingUtilities.framework */; };
		05681D1E1CEDCBCB000B487F /* FirebaseDatabase.framework in Frameworks */ = {isa = PBXBuildFile; fileRef = 05681D1D1CEDCBCB000B487F /* FirebaseDatabase.framework */; };
		05681D211CEDCDD9000B487F /* GoogleService-Info.plist in Resources */ = {isa = PBXBuildFile; fileRef = 05681D201CEDCDD9000B487F /* GoogleService-Info.plist */; };
		0576225D1CDBBBF400C9562B /* Social.framework in Frameworks */ = {isa = PBXBuildFile; fileRef = 0576225C1CDBBBF400C9562B /* Social.framework */; };
		05BBC0001CBC594C00569DB8 /* EditScheduleViewController.m in Sources */ = {isa = PBXBuildFile; fileRef = 05BBBFFF1CBC594C00569DB8 /* EditScheduleViewController.m */; };
		05BD295E1D0B701700DDFD05 /* EditProductViewController.m in Sources */ = {isa = PBXBuildFile; fileRef = 05BD295D1D0B701700DDFD05 /* EditProductViewController.m */; };
		05BD29611D0C35A500DDFD05 /* SwipeableTableViewCell.m in Sources */ = {isa = PBXBuildFile; fileRef = 05BD29601D0C35A500DDFD05 /* SwipeableTableViewCell.m */; };
		05BEEBDE1CCD594600037824 /* ChatLabel.m in Sources */ = {isa = PBXBuildFile; fileRef = 05BEEBDD1CCD594600037824 /* ChatLabel.m */; };
		05BF46D61D407ABB0062FE8D /* CreateSupportTicketViewController.m in Sources */ = {isa = PBXBuildFile; fileRef = 05BF46D51D407ABB0062FE8D /* CreateSupportTicketViewController.m */; };
		05BF46D91D4080590062FE8D /* ContactModel.m in Sources */ = {isa = PBXBuildFile; fileRef = 05BF46D81D4080590062FE8D /* ContactModel.m */; };
		05BF46DC1D40809E0062FE8D /* DatabaseRequest.m in Sources */ = {isa = PBXBuildFile; fileRef = 05BF46DB1D40809E0062FE8D /* DatabaseRequest.m */; };
		05C0E81A1CA1A550006D6DA6 /* ChatMenuViewController.m in Sources */ = {isa = PBXBuildFile; fileRef = 05C0E8191CA1A550006D6DA6 /* ChatMenuViewController.m */; };
		05C0E81D1CA1A574006D6DA6 /* FavoritesViewController.m in Sources */ = {isa = PBXBuildFile; fileRef = 05C0E81C1CA1A574006D6DA6 /* FavoritesViewController.m */; };
		05C0E8201CA1AB9C006D6DA6 /* ChatMessagesViewController.m in Sources */ = {isa = PBXBuildFile; fileRef = 05C0E81F1CA1AB9C006D6DA6 /* ChatMessagesViewController.m */; };
		05C0E8231CA1EA70006D6DA6 /* ChangeEmailViewController.m in Sources */ = {isa = PBXBuildFile; fileRef = 05C0E8221CA1EA70006D6DA6 /* ChangeEmailViewController.m */; };
		05C0E8261CA1EC0A006D6DA6 /* ChangePasswordViewController.m in Sources */ = {isa = PBXBuildFile; fileRef = 05C0E8251CA1EC0A006D6DA6 /* ChangePasswordViewController.m */; };
		05C0E8291CA22194006D6DA6 /* ProductViewController.m in Sources */ = {isa = PBXBuildFile; fileRef = 05C0E8281CA22194006D6DA6 /* ProductViewController.m */; };
		05C0E82C1CA2CAE4006D6DA6 /* PostProductViewController.m in Sources */ = {isa = PBXBuildFile; fileRef = 05C0E82B1CA2CAE4006D6DA6 /* PostProductViewController.m */; };
		05C0E82F1CA318F5006D6DA6 /* CustomerReviewsViewController.m in Sources */ = {isa = PBXBuildFile; fileRef = 05C0E82E1CA318F5006D6DA6 /* CustomerReviewsViewController.m */; };
		05C0E8321CA3191D006D6DA6 /* FarmProfileViewController.m in Sources */ = {isa = PBXBuildFile; fileRef = 05C0E8311CA3191D006D6DA6 /* FarmProfileViewController.m */; };
		05C0E8351CA31D78006D6DA6 /* HelpDisplayViewController.m in Sources */ = {isa = PBXBuildFile; fileRef = 05C0E8341CA31D78006D6DA6 /* HelpDisplayViewController.m */; };
		05C0E8381CA31DAD006D6DA6 /* NotificationSettingsViewController.m in Sources */ = {isa = PBXBuildFile; fileRef = 05C0E8371CA31DAD006D6DA6 /* NotificationSettingsViewController.m */; };
		05C0E8601CA3736A006D6DA6 /* libsqlite3.tbd in Frameworks */ = {isa = PBXBuildFile; fileRef = 05C0E85F1CA3736A006D6DA6 /* libsqlite3.tbd */; };
		05CA3D151C9AF0F0001E4FA7 /* CustomPicker.m in Sources */ = {isa = PBXBuildFile; fileRef = 05CA3D141C9AF0F0001E4FA7 /* CustomPicker.m */; };
		05CA3D181C9B99CF001E4FA7 /* InputValidation.m in Sources */ = {isa = PBXBuildFile; fileRef = 05CA3D171C9B99CF001E4FA7 /* InputValidation.m */; };
		05CA3D1B1C9BAA20001E4FA7 /* FarmEditViewController.m in Sources */ = {isa = PBXBuildFile; fileRef = 05CA3D1A1C9BAA20001E4FA7 /* FarmEditViewController.m */; };
		05D1F1001CB0275E002E6427 /* BottomUp.m in Sources */ = {isa = PBXBuildFile; fileRef = 05D1F0FF1CB0275E002E6427 /* BottomUp.m */; };
		05D1F1051CB1CA99002E6427 /* FilterOptionsViewController.m in Sources */ = {isa = PBXBuildFile; fileRef = 05D1F1041CB1CA99002E6427 /* FilterOptionsViewController.m */; };
		05D1F10F1CB749B8002E6427 /* SetContactInfoViewController.m in Sources */ = {isa = PBXBuildFile; fileRef = 05D1F10E1CB749B8002E6427 /* SetContactInfoViewController.m */; };
		05FFD4CF1D2DFC9D0085012F /* CitiesReportViewController.m in Sources */ = {isa = PBXBuildFile; fileRef = 05FFD4CE1D2DFC9D0085012F /* CitiesReportViewController.m */; };
/* End PBXBuildFile section */

/* Begin PBXContainerItemProxy section */
		054A14E71C8B9FD600F32A17 /* PBXContainerItemProxy */ = {
			isa = PBXContainerItemProxy;
			containerPortal = 054A14C21C8B9FD600F32A17 /* Project object */;
			proxyType = 1;
			remoteGlobalIDString = 054A14C91C8B9FD600F32A17;
			remoteInfo = "Farm Fresh";
		};
		054A14F21C8B9FD600F32A17 /* PBXContainerItemProxy */ = {
			isa = PBXContainerItemProxy;
			containerPortal = 054A14C21C8B9FD600F32A17 /* Project object */;
			proxyType = 1;
			remoteGlobalIDString = 054A14C91C8B9FD600F32A17;
			remoteInfo = "Farm Fresh";
		};
/* End PBXContainerItemProxy section */

/* Begin PBXFileReference section */
		051EA86F1CBDE85200DFAF3A /* SetupCategoriesViewController.h */ = {isa = PBXFileReference; fileEncoding = 4; lastKnownFileType = sourcecode.c.h; path = SetupCategoriesViewController.h; sourceTree = "<group>"; };
		051EA8701CBDE85200DFAF3A /* SetupCategoriesViewController.m */ = {isa = PBXFileReference; fileEncoding = 4; lastKnownFileType = sourcecode.c.objc; path = SetupCategoriesViewController.m; sourceTree = "<group>"; };
		051EA8721CBDE86700DFAF3A /* AdminTableViewController.h */ = {isa = PBXFileReference; fileEncoding = 4; lastKnownFileType = sourcecode.c.h; path = AdminTableViewController.h; sourceTree = "<group>"; };
		051EA8731CBDE86700DFAF3A /* AdminTableViewController.m */ = {isa = PBXFileReference; fileEncoding = 4; lastKnownFileType = sourcecode.c.objc; path = AdminTableViewController.m; sourceTree = "<group>"; };
		052D01D41CF523C900F32BED /* FirebaseAnalytics.framework */ = {isa = PBXFileReference; lastKnownFileType = wrapper.framework; path = FirebaseAnalytics.framework; sourceTree = "<group>"; };
		052D01D61CF5240C00F32BED /* FirebaseInstanceID.framework */ = {isa = PBXFileReference; lastKnownFileType = wrapper.framework; path = FirebaseInstanceID.framework; sourceTree = "<group>"; };
		052D01D71CF5240C00F32BED /* GoogleInterchangeUtilities.framework */ = {isa = PBXFileReference; lastKnownFileType = wrapper.framework; path = GoogleInterchangeUtilities.framework; sourceTree = "<group>"; };
		052D01D81CF5240C00F32BED /* GoogleSymbolUtilities.framework */ = {isa = PBXFileReference; lastKnownFileType = wrapper.framework; path = GoogleSymbolUtilities.framework; sourceTree = "<group>"; };
		052D01DC1CF5243700F32BED /* GoogleUtilities.framework */ = {isa = PBXFileReference; lastKnownFileType = wrapper.framework; path = GoogleUtilities.framework; sourceTree = "<group>"; };
		052D01E11CFB1B8B00F32BED /* GeoFire.h */ = {isa = PBXFileReference; fileEncoding = 4; lastKnownFileType = sourcecode.c.h; path = GeoFire.h; sourceTree = "<group>"; };
		052D01E21CFB1B8B00F32BED /* GeoFire.m */ = {isa = PBXFileReference; fileEncoding = 4; lastKnownFileType = sourcecode.c.objc; path = GeoFire.m; sourceTree = "<group>"; };
		052D01E31CFB1B8B00F32BED /* GFBase32Utils.h */ = {isa = PBXFileReference; fileEncoding = 4; lastKnownFileType = sourcecode.c.h; path = GFBase32Utils.h; sourceTree = "<group>"; };
		052D01E41CFB1B8B00F32BED /* GFBase32Utils.m */ = {isa = PBXFileReference; fileEncoding = 4; lastKnownFileType = sourcecode.c.objc; path = GFBase32Utils.m; sourceTree = "<group>"; };
		052D01E51CFB1B8B00F32BED /* GFCircleQuery.h */ = {isa = PBXFileReference; fileEncoding = 4; lastKnownFileType = sourcecode.c.h; path = GFCircleQuery.h; sourceTree = "<group>"; };
		052D01E61CFB1B8B00F32BED /* GFGeoHash.h */ = {isa = PBXFileReference; fileEncoding = 4; lastKnownFileType = sourcecode.c.h; path = GFGeoHash.h; sourceTree = "<group>"; };
		052D01E71CFB1B8B00F32BED /* GFGeoHash.m */ = {isa = PBXFileReference; fileEncoding = 4; lastKnownFileType = sourcecode.c.objc; path = GFGeoHash.m; sourceTree = "<group>"; };
		052D01E81CFB1B8B00F32BED /* GFGeoHashQuery.h */ = {isa = PBXFileReference; fileEncoding = 4; lastKnownFileType = sourcecode.c.h; path = GFGeoHashQuery.h; sourceTree = "<group>"; };
		052D01E91CFB1B8B00F32BED /* GFGeoHashQuery.m */ = {isa = PBXFileReference; fileEncoding = 4; lastKnownFileType = sourcecode.c.objc; path = GFGeoHashQuery.m; sourceTree = "<group>"; };
		052D01EA1CFB1B8B00F32BED /* GFQuery.h */ = {isa = PBXFileReference; fileEncoding = 4; lastKnownFileType = sourcecode.c.h; path = GFQuery.h; sourceTree = "<group>"; };
		052D01EB1CFB1B8B00F32BED /* GFQuery.m */ = {isa = PBXFileReference; fileEncoding = 4; lastKnownFileType = sourcecode.c.objc; path = GFQuery.m; sourceTree = "<group>"; };
		052D01EC1CFB1B8B00F32BED /* GFRegionQuery.h */ = {isa = PBXFileReference; fileEncoding = 4; lastKnownFileType = sourcecode.c.h; path = GFRegionQuery.h; sourceTree = "<group>"; };
		052D01F21CFC892F00F32BED /* PostReviewViewController.h */ = {isa = PBXFileReference; fileEncoding = 4; lastKnownFileType = sourcecode.c.h; name = PostReviewViewController.h; path = ../PostReviewViewController.h; sourceTree = "<group>"; };
		052D01F31CFC892F00F32BED /* PostReviewViewController.m */ = {isa = PBXFileReference; fileEncoding = 4; lastKnownFileType = sourcecode.c.objc; name = PostReviewViewController.m; path = ../PostReviewViewController.m; sourceTree = "<group>"; };
		052D01F51CFFC6B300F32BED /* ImageModel.h */ = {isa = PBXFileReference; fileEncoding = 4; lastKnownFileType = sourcecode.c.h; path = ImageModel.h; sourceTree = "<group>"; };
		052D01F61CFFC6B300F32BED /* ImageModel.m */ = {isa = PBXFileReference; fileEncoding = 4; lastKnownFileType = sourcecode.c.objc; path = ImageModel.m; sourceTree = "<group>"; };
		052D01F81CFFC95F00F32BED /* FirebaseStorage.framework */ = {isa = PBXFileReference; lastKnownFileType = wrapper.framework; path = FirebaseStorage.framework; sourceTree = "<group>"; };
		0538C4CB1C9BB7E60013A07D /* MapKit.framework */ = {isa = PBXFileReference; lastKnownFileType = wrapper.framework; name = MapKit.framework; path = System/Library/Frameworks/MapKit.framework; sourceTree = SDKROOT; };
		0538C4CD1C9BB7F60013A07D /* CoreLocation.framework */ = {isa = PBXFileReference; lastKnownFileType = wrapper.framework; name = CoreLocation.framework; path = System/Library/Frameworks/CoreLocation.framework; sourceTree = SDKROOT; };
		0538C51E1C9F38460013A07D /* FarmLocationsViewController.h */ = {isa = PBXFileReference; fileEncoding = 4; lastKnownFileType = sourcecode.c.h; path = FarmLocationsViewController.h; sourceTree = "<group>"; };
		0538C51F1C9F38460013A07D /* FarmLocationsViewController.m */ = {isa = PBXFileReference; fileEncoding = 4; lastKnownFileType = sourcecode.c.objc; path = FarmLocationsViewController.m; sourceTree = "<group>"; };
		0538C5211C9F3E2F0013A07D /* AZDraggableAnnotationView.h */ = {isa = PBXFileReference; fileEncoding = 4; lastKnownFileType = sourcecode.c.h; path = AZDraggableAnnotationView.h; sourceTree = "<group>"; };
		0538C5221C9F3E2F0013A07D /* AZDraggableAnnotationView.m */ = {isa = PBXFileReference; fileEncoding = 4; lastKnownFileType = sourcecode.c.objc; path = AZDraggableAnnotationView.m; sourceTree = "<group>"; };
		0538C5241C9F3E430013A07D /* ChooseLocationViewController.h */ = {isa = PBXFileReference; fileEncoding = 4; lastKnownFileType = sourcecode.c.h; path = ChooseLocationViewController.h; sourceTree = "<group>"; };
		0538C5251C9F3E430013A07D /* ChooseLocationViewController.m */ = {isa = PBXFileReference; fileEncoding = 4; lastKnownFileType = sourcecode.c.objc; path = ChooseLocationViewController.m; sourceTree = "<group>"; };
		0538C5271C9FA4F00013A07D /* EditProfileViewController.h */ = {isa = PBXFileReference; fileEncoding = 4; lastKnownFileType = sourcecode.c.h; path = EditProfileViewController.h; sourceTree = "<group>"; };
		0538C5281C9FA4F00013A07D /* EditProfileViewController.m */ = {isa = PBXFileReference; fileEncoding = 4; lastKnownFileType = sourcecode.c.objc; path = EditProfileViewController.m; sourceTree = "<group>"; };
		0538C52C1C9FA93A0013A07D /* EditDescriptionViewController.h */ = {isa = PBXFileReference; fileEncoding = 4; lastKnownFileType = sourcecode.c.h; path = EditDescriptionViewController.h; sourceTree = "<group>"; };
		0538C52D1C9FA93A0013A07D /* EditDescriptionViewController.m */ = {isa = PBXFileReference; fileEncoding = 4; lastKnownFileType = sourcecode.c.objc; path = EditDescriptionViewController.m; sourceTree = "<group>"; };
		0538C5331CA0C47D0013A07D /* HelpViewController.h */ = {isa = PBXFileReference; fileEncoding = 4; lastKnownFileType = sourcecode.c.h; path = HelpViewController.h; sourceTree = "<group>"; };
		0538C5341CA0C47D0013A07D /* HelpViewController.m */ = {isa = PBXFileReference; fileEncoding = 4; lastKnownFileType = sourcecode.c.objc; path = HelpViewController.m; sourceTree = "<group>"; };
		0538C5361CA0C8050013A07D /* InviteFriendsViewController.h */ = {isa = PBXFileReference; fileEncoding = 4; lastKnownFileType = sourcecode.c.h; path = InviteFriendsViewController.h; sourceTree = "<group>"; };
		0538C5371CA0C8050013A07D /* InviteFriendsViewController.m */ = {isa = PBXFileReference; fileEncoding = 4; lastKnownFileType = sourcecode.c.objc; path = InviteFriendsViewController.m; sourceTree = "<group>"; };
		05481D671D4E866C00360062 /* MessageUI.framework */ = {isa = PBXFileReference; lastKnownFileType = wrapper.framework; name = MessageUI.framework; path = System/Library/Frameworks/MessageUI.framework; sourceTree = SDKROOT; };
		054A14CA1C8B9FD600F32A17 /* Farm Fresh.app */ = {isa = PBXFileReference; explicitFileType = wrapper.application; includeInIndex = 0; path = "Farm Fresh.app"; sourceTree = BUILT_PRODUCTS_DIR; };
		054A14CE1C8B9FD600F32A17 /* main.m */ = {isa = PBXFileReference; lastKnownFileType = sourcecode.c.objc; path = main.m; sourceTree = "<group>"; };
		054A14D01C8B9FD600F32A17 /* AppDelegate.h */ = {isa = PBXFileReference; lastKnownFileType = sourcecode.c.h; path = AppDelegate.h; sourceTree = "<group>"; };
		054A14D11C8B9FD600F32A17 /* AppDelegate.m */ = {isa = PBXFileReference; lastKnownFileType = sourcecode.c.objc; path = AppDelegate.m; sourceTree = "<group>"; };
		054A14D71C8B9FD600F32A17 /* Base */ = {isa = PBXFileReference; lastKnownFileType = file.storyboard; name = Base; path = Base.lproj/Main.storyboard; sourceTree = "<group>"; };
		054A14DA1C8B9FD600F32A17 /* Farm_Fresh.xcdatamodel */ = {isa = PBXFileReference; lastKnownFileType = wrapper.xcdatamodel; path = Farm_Fresh.xcdatamodel; sourceTree = "<group>"; };
		054A14DC1C8B9FD600F32A17 /* Assets.xcassets */ = {isa = PBXFileReference; lastKnownFileType = folder.assetcatalog; path = Assets.xcassets; sourceTree = "<group>"; };
		054A14DF1C8B9FD600F32A17 /* Base */ = {isa = PBXFileReference; lastKnownFileType = file.storyboard; name = Base; path = Base.lproj/LaunchScreen.storyboard; sourceTree = "<group>"; };
		054A14E11C8B9FD600F32A17 /* Info.plist */ = {isa = PBXFileReference; lastKnownFileType = text.plist.xml; path = Info.plist; sourceTree = "<group>"; };
		054A14E61C8B9FD600F32A17 /* Farm FreshTests.xctest */ = {isa = PBXFileReference; explicitFileType = wrapper.cfbundle; includeInIndex = 0; path = "Farm FreshTests.xctest"; sourceTree = BUILT_PRODUCTS_DIR; };
		054A14EA1C8B9FD600F32A17 /* Farm_FreshTests.m */ = {isa = PBXFileReference; lastKnownFileType = sourcecode.c.objc; path = Farm_FreshTests.m; sourceTree = "<group>"; };
		054A14EC1C8B9FD600F32A17 /* Info.plist */ = {isa = PBXFileReference; lastKnownFileType = text.plist.xml; path = Info.plist; sourceTree = "<group>"; };
		054A14F11C8B9FD600F32A17 /* Farm FreshUITests.xctest */ = {isa = PBXFileReference; explicitFileType = wrapper.cfbundle; includeInIndex = 0; path = "Farm FreshUITests.xctest"; sourceTree = BUILT_PRODUCTS_DIR; };
		054A14F51C8B9FD600F32A17 /* Farm_FreshUITests.m */ = {isa = PBXFileReference; lastKnownFileType = sourcecode.c.objc; path = Farm_FreshUITests.m; sourceTree = "<group>"; };
		054A14F71C8B9FD600F32A17 /* Info.plist */ = {isa = PBXFileReference; lastKnownFileType = text.plist.xml; path = Info.plist; sourceTree = "<group>"; };
		054A15051C8BA17800F32A17 /* libicucore.tbd */ = {isa = PBXFileReference; lastKnownFileType = "sourcecode.text-based-dylib-definition"; name = libicucore.tbd; path = usr/lib/libicucore.tbd; sourceTree = SDKROOT; };
		054A15071C8BA17F00F32A17 /* libc++.tbd */ = {isa = PBXFileReference; lastKnownFileType = "sourcecode.text-based-dylib-definition"; name = "libc++.tbd"; path = "usr/lib/libc++.tbd"; sourceTree = SDKROOT; };
		054A15091C8BA18500F32A17 /* CFNetwork.framework */ = {isa = PBXFileReference; lastKnownFileType = wrapper.framework; name = CFNetwork.framework; path = System/Library/Frameworks/CFNetwork.framework; sourceTree = SDKROOT; };
		054A150B1C8BA18B00F32A17 /* Security.framework */ = {isa = PBXFileReference; lastKnownFileType = wrapper.framework; name = Security.framework; path = System/Library/Frameworks/Security.framework; sourceTree = SDKROOT; };
		054A150D1C8BA19200F32A17 /* SystemConfiguration.framework */ = {isa = PBXFileReference; lastKnownFileType = wrapper.framework; name = SystemConfiguration.framework; path = System/Library/Frameworks/SystemConfiguration.framework; sourceTree = SDKROOT; };
		054A15101C8BA2D300F32A17 /* FBSDKCoreKit.framework */ = {isa = PBXFileReference; lastKnownFileType = wrapper.framework; path = FBSDKCoreKit.framework; sourceTree = "<group>"; };
		054A15111C8BA2D300F32A17 /* FBSDKLoginKit.framework */ = {isa = PBXFileReference; lastKnownFileType = wrapper.framework; path = FBSDKLoginKit.framework; sourceTree = "<group>"; };
		054A15121C8BA2D300F32A17 /* FBSDKShareKit.framework */ = {isa = PBXFileReference; lastKnownFileType = wrapper.framework; path = FBSDKShareKit.framework; sourceTree = "<group>"; };
		054A15161C8BA94D00F32A17 /* HomeViewController.h */ = {isa = PBXFileReference; fileEncoding = 4; lastKnownFileType = sourcecode.c.h; path = HomeViewController.h; sourceTree = "<group>"; };
		054A15171C8BA94D00F32A17 /* HomeViewController.m */ = {isa = PBXFileReference; fileEncoding = 4; lastKnownFileType = sourcecode.c.objc; path = HomeViewController.m; sourceTree = "<group>"; };
		054A15191C8C6A9B00F32A17 /* ProduceModel.h */ = {isa = PBXFileReference; fileEncoding = 4; lastKnownFileType = sourcecode.c.h; path = ProduceModel.h; sourceTree = "<group>"; };
		054A151A1C8C6A9B00F32A17 /* ProduceModel.m */ = {isa = PBXFileReference; fileEncoding = 4; lastKnownFileType = sourcecode.c.objc; path = ProduceModel.m; sourceTree = "<group>"; };
		054A151C1C90D8E500F32A17 /* MainMenuViewController.h */ = {isa = PBXFileReference; fileEncoding = 4; lastKnownFileType = sourcecode.c.h; path = MainMenuViewController.h; sourceTree = "<group>"; };
		054A151D1C90D8E500F32A17 /* MainMenuViewController.m */ = {isa = PBXFileReference; fileEncoding = 4; lastKnownFileType = sourcecode.c.objc; path = MainMenuViewController.m; sourceTree = "<group>"; };
		054A15231C90DD8600F32A17 /* AddressBook.framework */ = {isa = PBXFileReference; lastKnownFileType = wrapper.framework; name = AddressBook.framework; path = System/Library/Frameworks/AddressBook.framework; sourceTree = SDKROOT; };
		054A15251C90DD8F00F32A17 /* SafariServices.framework */ = {isa = PBXFileReference; lastKnownFileType = wrapper.framework; name = SafariServices.framework; path = System/Library/Frameworks/SafariServices.framework; sourceTree = SDKROOT; };
		054A152D1C90E66200F32A17 /* libz.tbd */ = {isa = PBXFileReference; lastKnownFileType = "sourcecode.text-based-dylib-definition"; name = libz.tbd; path = usr/lib/libz.tbd; sourceTree = SDKROOT; };
		054A152F1C930C4C00F32A17 /* SignUpViewController.h */ = {isa = PBXFileReference; fileEncoding = 4; lastKnownFileType = sourcecode.c.h; path = SignUpViewController.h; sourceTree = "<group>"; };
		054A15301C930C4C00F32A17 /* SignUpViewController.m */ = {isa = PBXFileReference; fileEncoding = 4; lastKnownFileType = sourcecode.c.objc; path = SignUpViewController.m; sourceTree = "<group>"; };
		054A15341C9355A600F32A17 /* UserModel.h */ = {isa = PBXFileReference; fileEncoding = 4; lastKnownFileType = sourcecode.c.h; path = UserModel.h; sourceTree = "<group>"; };
		054A15351C9355A600F32A17 /* UserModel.m */ = {isa = PBXFileReference; fileEncoding = 4; lastKnownFileType = sourcecode.c.objc; path = UserModel.m; sourceTree = "<group>"; };
		054A15391C93565100F32A17 /* Constants.h */ = {isa = PBXFileReference; fileEncoding = 4; lastKnownFileType = sourcecode.c.h; path = Constants.h; sourceTree = "<group>"; };
		054A153A1C9789DB00F32A17 /* EmailSignUpViewController.h */ = {isa = PBXFileReference; fileEncoding = 4; lastKnownFileType = sourcecode.c.h; path = EmailSignUpViewController.h; sourceTree = "<group>"; };
		054A153B1C9789DB00F32A17 /* EmailSignUpViewController.m */ = {isa = PBXFileReference; fileEncoding = 4; lastKnownFileType = sourcecode.c.objc; path = EmailSignUpViewController.m; sourceTree = "<group>"; };
		054A15401C98EBB200F32A17 /* QuartzCore.framework */ = {isa = PBXFileReference; lastKnownFileType = wrapper.framework; name = QuartzCore.framework; path = System/Library/Frameworks/QuartzCore.framework; sourceTree = SDKROOT; };
		054A15421C98EBBC00F32A17 /* Accelerate.framework */ = {isa = PBXFileReference; lastKnownFileType = wrapper.framework; name = Accelerate.framework; path = System/Library/Frameworks/Accelerate.framework; sourceTree = SDKROOT; };
		054A15441C98EE7900F32A17 /* UIView+AddOns.h */ = {isa = PBXFileReference; fileEncoding = 4; lastKnownFileType = sourcecode.c.h; path = "UIView+AddOns.h"; sourceTree = "<group>"; };
		054A15451C98EE7900F32A17 /* UIView+AddOns.m */ = {isa = PBXFileReference; fileEncoding = 4; lastKnownFileType = sourcecode.c.objc; path = "UIView+AddOns.m"; sourceTree = "<group>"; };
		054A15471C9903B500F32A17 /* HelperMethods.h */ = {isa = PBXFileReference; fileEncoding = 4; lastKnownFileType = sourcecode.c.h; path = HelperMethods.h; sourceTree = "<group>"; };
		054A15481C9903B500F32A17 /* HelperMethods.m */ = {isa = PBXFileReference; fileEncoding = 4; lastKnownFileType = sourcecode.c.objc; path = HelperMethods.m; sourceTree = "<group>"; };
		054A154A1C99048000F32A17 /* UIImage+ImageEffects.h */ = {isa = PBXFileReference; fileEncoding = 4; lastKnownFileType = sourcecode.c.h; path = "UIImage+ImageEffects.h"; sourceTree = "<group>"; };
		054A154B1C99048000F32A17 /* UIImage+ImageEffects.m */ = {isa = PBXFileReference; fileEncoding = 4; lastKnownFileType = sourcecode.c.objc; path = "UIImage+ImageEffects.m"; sourceTree = "<group>"; };
		054A154D1C9A5A3E00F32A17 /* FarmerSetupViewController.h */ = {isa = PBXFileReference; fileEncoding = 4; lastKnownFileType = sourcecode.c.h; name = FarmerSetupViewController.h; path = ../FarmerSetupViewController.h; sourceTree = "<group>"; };
		054A154E1C9A5A3E00F32A17 /* FarmerSetupViewController.m */ = {isa = PBXFileReference; fileEncoding = 4; lastKnownFileType = sourcecode.c.objc; name = FarmerSetupViewController.m; path = ../FarmerSetupViewController.m; sourceTree = "<group>"; };
		055948B91CA16A2700608592 /* NotificationsViewController.h */ = {isa = PBXFileReference; fileEncoding = 4; lastKnownFileType = sourcecode.c.h; name = NotificationsViewController.h; path = ../NotificationsViewController.h; sourceTree = "<group>"; };
		055948BA1CA16A2700608592 /* NotificationsViewController.m */ = {isa = PBXFileReference; fileEncoding = 4; lastKnownFileType = sourcecode.c.objc; name = NotificationsViewController.m; path = ../NotificationsViewController.m; sourceTree = "<group>"; };
		05681D0C1CE959CD000B487F /* UIImage+Resize.h */ = {isa = PBXFileReference; fileEncoding = 4; lastKnownFileType = sourcecode.c.h; path = "UIImage+Resize.h"; sourceTree = "<group>"; };
		05681D0D1CE959CD000B487F /* UIImage+Resize.m */ = {isa = PBXFileReference; fileEncoding = 4; lastKnownFileType = sourcecode.c.objc; path = "UIImage+Resize.m"; sourceTree = "<group>"; };
		05681D191CEDCBB8000B487F /* FirebaseAuth.framework */ = {isa = PBXFileReference; lastKnownFileType = wrapper.framework; path = FirebaseAuth.framework; sourceTree = "<group>"; };
		05681D1A1CEDCBB8000B487F /* GoogleNetworkingUtilities.framework */ = {isa = PBXFileReference; lastKnownFileType = wrapper.framework; path = GoogleNetworkingUtilities.framework; sourceTree = "<group>"; };
		05681D1D1CEDCBCB000B487F /* FirebaseDatabase.framework */ = {isa = PBXFileReference; lastKnownFileType = wrapper.framework; path = FirebaseDatabase.framework; sourceTree = "<group>"; };
		05681D1F1CEDCBF3000B487F /* Firebase.h */ = {isa = PBXFileReference; lastKnownFileType = sourcecode.c.h; path = Firebase.h; sourceTree = "<group>"; };
		05681D201CEDCDD9000B487F /* GoogleService-Info.plist */ = {isa = PBXFileReference; fileEncoding = 4; lastKnownFileType = text.plist.xml; path = "GoogleService-Info.plist"; sourceTree = "<group>"; };
		0576225C1CDBBBF400C9562B /* Social.framework */ = {isa = PBXFileReference; lastKnownFileType = wrapper.framework; name = Social.framework; path = System/Library/Frameworks/Social.framework; sourceTree = SDKROOT; };
		05BBBFFE1CBC594C00569DB8 /* EditScheduleViewController.h */ = {isa = PBXFileReference; fileEncoding = 4; lastKnownFileType = sourcecode.c.h; path = EditScheduleViewController.h; sourceTree = "<group>"; };
		05BBBFFF1CBC594C00569DB8 /* EditScheduleViewController.m */ = {isa = PBXFileReference; fileEncoding = 4; lastKnownFileType = sourcecode.c.objc; path = EditScheduleViewController.m; sourceTree = "<group>"; };
		05BD295C1D0B701700DDFD05 /* EditProductViewController.h */ = {isa = PBXFileReference; fileEncoding = 4; lastKnownFileType = sourcecode.c.h; path = EditProductViewController.h; sourceTree = "<group>"; };
		05BD295D1D0B701700DDFD05 /* EditProductViewController.m */ = {isa = PBXFileReference; fileEncoding = 4; lastKnownFileType = sourcecode.c.objc; path = EditProductViewController.m; sourceTree = "<group>"; };
		05BD295F1D0C35A500DDFD05 /* SwipeableTableViewCell.h */ = {isa = PBXFileReference; fileEncoding = 4; lastKnownFileType = sourcecode.c.h; path = SwipeableTableViewCell.h; sourceTree = "<group>"; };
		05BD29601D0C35A500DDFD05 /* SwipeableTableViewCell.m */ = {isa = PBXFileReference; fileEncoding = 4; lastKnownFileType = sourcecode.c.objc; path = SwipeableTableViewCell.m; sourceTree = "<group>"; };
		05BEEBDC1CCD594600037824 /* ChatLabel.h */ = {isa = PBXFileReference; fileEncoding = 4; lastKnownFileType = sourcecode.c.h; path = ChatLabel.h; sourceTree = "<group>"; };
		05BEEBDD1CCD594600037824 /* ChatLabel.m */ = {isa = PBXFileReference; fileEncoding = 4; lastKnownFileType = sourcecode.c.objc; path = ChatLabel.m; sourceTree = "<group>"; };
		05BF46D41D407ABB0062FE8D /* CreateSupportTicketViewController.h */ = {isa = PBXFileReference; fileEncoding = 4; lastKnownFileType = sourcecode.c.h; path = CreateSupportTicketViewController.h; sourceTree = "<group>"; };
		05BF46D51D407ABB0062FE8D /* CreateSupportTicketViewController.m */ = {isa = PBXFileReference; fileEncoding = 4; lastKnownFileType = sourcecode.c.objc; path = CreateSupportTicketViewController.m; sourceTree = "<group>"; };
		05BF46D71D4080590062FE8D /* ContactModel.h */ = {isa = PBXFileReference; fileEncoding = 4; lastKnownFileType = sourcecode.c.h; path = ContactModel.h; sourceTree = "<group>"; };
		05BF46D81D4080590062FE8D /* ContactModel.m */ = {isa = PBXFileReference; fileEncoding = 4; lastKnownFileType = sourcecode.c.objc; path = ContactModel.m; sourceTree = "<group>"; };
		05BF46DA1D40809E0062FE8D /* DatabaseRequest.h */ = {isa = PBXFileReference; fileEncoding = 4; lastKnownFileType = sourcecode.c.h; path = DatabaseRequest.h; sourceTree = "<group>"; };
		05BF46DB1D40809E0062FE8D /* DatabaseRequest.m */ = {isa = PBXFileReference; fileEncoding = 4; lastKnownFileType = sourcecode.c.objc; path = DatabaseRequest.m; sourceTree = "<group>"; };
		05C0E8181CA1A550006D6DA6 /* ChatMenuViewController.h */ = {isa = PBXFileReference; fileEncoding = 4; lastKnownFileType = sourcecode.c.h; path = ChatMenuViewController.h; sourceTree = "<group>"; };
		05C0E8191CA1A550006D6DA6 /* ChatMenuViewController.m */ = {isa = PBXFileReference; fileEncoding = 4; lastKnownFileType = sourcecode.c.objc; path = ChatMenuViewController.m; sourceTree = "<group>"; };
		05C0E81B1CA1A574006D6DA6 /* FavoritesViewController.h */ = {isa = PBXFileReference; fileEncoding = 4; lastKnownFileType = sourcecode.c.h; path = FavoritesViewController.h; sourceTree = "<group>"; };
		05C0E81C1CA1A574006D6DA6 /* FavoritesViewController.m */ = {isa = PBXFileReference; fileEncoding = 4; lastKnownFileType = sourcecode.c.objc; path = FavoritesViewController.m; sourceTree = "<group>"; };
		05C0E81E1CA1AB9C006D6DA6 /* ChatMessagesViewController.h */ = {isa = PBXFileReference; fileEncoding = 4; lastKnownFileType = sourcecode.c.h; path = ChatMessagesViewController.h; sourceTree = "<group>"; };
		05C0E81F1CA1AB9C006D6DA6 /* ChatMessagesViewController.m */ = {isa = PBXFileReference; fileEncoding = 4; lastKnownFileType = sourcecode.c.objc; path = ChatMessagesViewController.m; sourceTree = "<group>"; };
		05C0E8211CA1EA70006D6DA6 /* ChangeEmailViewController.h */ = {isa = PBXFileReference; fileEncoding = 4; lastKnownFileType = sourcecode.c.h; path = ChangeEmailViewController.h; sourceTree = "<group>"; };
		05C0E8221CA1EA70006D6DA6 /* ChangeEmailViewController.m */ = {isa = PBXFileReference; fileEncoding = 4; lastKnownFileType = sourcecode.c.objc; path = ChangeEmailViewController.m; sourceTree = "<group>"; };
		05C0E8241CA1EC0A006D6DA6 /* ChangePasswordViewController.h */ = {isa = PBXFileReference; fileEncoding = 4; lastKnownFileType = sourcecode.c.h; path = ChangePasswordViewController.h; sourceTree = "<group>"; };
		05C0E8251CA1EC0A006D6DA6 /* ChangePasswordViewController.m */ = {isa = PBXFileReference; fileEncoding = 4; lastKnownFileType = sourcecode.c.objc; path = ChangePasswordViewController.m; sourceTree = "<group>"; };
		05C0E8271CA22194006D6DA6 /* ProductViewController.h */ = {isa = PBXFileReference; fileEncoding = 4; lastKnownFileType = sourcecode.c.h; path = ProductViewController.h; sourceTree = "<group>"; };
		05C0E8281CA22194006D6DA6 /* ProductViewController.m */ = {isa = PBXFileReference; fileEncoding = 4; lastKnownFileType = sourcecode.c.objc; path = ProductViewController.m; sourceTree = "<group>"; };
		05C0E82A1CA2CAE4006D6DA6 /* PostProductViewController.h */ = {isa = PBXFileReference; fileEncoding = 4; lastKnownFileType = sourcecode.c.h; path = PostProductViewController.h; sourceTree = "<group>"; };
		05C0E82B1CA2CAE4006D6DA6 /* PostProductViewController.m */ = {isa = PBXFileReference; fileEncoding = 4; lastKnownFileType = sourcecode.c.objc; path = PostProductViewController.m; sourceTree = "<group>"; };
		05C0E82D1CA318F5006D6DA6 /* CustomerReviewsViewController.h */ = {isa = PBXFileReference; fileEncoding = 4; lastKnownFileType = sourcecode.c.h; path = CustomerReviewsViewController.h; sourceTree = "<group>"; };
		05C0E82E1CA318F5006D6DA6 /* CustomerReviewsViewController.m */ = {isa = PBXFileReference; fileEncoding = 4; lastKnownFileType = sourcecode.c.objc; path = CustomerReviewsViewController.m; sourceTree = "<group>"; };
		05C0E8301CA3191D006D6DA6 /* FarmProfileViewController.h */ = {isa = PBXFileReference; fileEncoding = 4; lastKnownFileType = sourcecode.c.h; path = FarmProfileViewController.h; sourceTree = "<group>"; };
		05C0E8311CA3191D006D6DA6 /* FarmProfileViewController.m */ = {isa = PBXFileReference; fileEncoding = 4; lastKnownFileType = sourcecode.c.objc; path = FarmProfileViewController.m; sourceTree = "<group>"; };
		05C0E8331CA31D78006D6DA6 /* HelpDisplayViewController.h */ = {isa = PBXFileReference; fileEncoding = 4; lastKnownFileType = sourcecode.c.h; path = HelpDisplayViewController.h; sourceTree = "<group>"; };
		05C0E8341CA31D78006D6DA6 /* HelpDisplayViewController.m */ = {isa = PBXFileReference; fileEncoding = 4; lastKnownFileType = sourcecode.c.objc; path = HelpDisplayViewController.m; sourceTree = "<group>"; };
		05C0E8361CA31DAD006D6DA6 /* NotificationSettingsViewController.h */ = {isa = PBXFileReference; fileEncoding = 4; lastKnownFileType = sourcecode.c.h; path = NotificationSettingsViewController.h; sourceTree = "<group>"; };
		05C0E8371CA31DAD006D6DA6 /* NotificationSettingsViewController.m */ = {isa = PBXFileReference; fileEncoding = 4; lastKnownFileType = sourcecode.c.objc; path = NotificationSettingsViewController.m; sourceTree = "<group>"; };
		05C0E85F1CA3736A006D6DA6 /* libsqlite3.tbd */ = {isa = PBXFileReference; lastKnownFileType = "sourcecode.text-based-dylib-definition"; name = libsqlite3.tbd; path = usr/lib/libsqlite3.tbd; sourceTree = SDKROOT; };
		05CA3D131C9AF0F0001E4FA7 /* CustomPicker.h */ = {isa = PBXFileReference; fileEncoding = 4; lastKnownFileType = sourcecode.c.h; name = CustomPicker.h; path = ../CustomPicker.h; sourceTree = "<group>"; };
		05CA3D141C9AF0F0001E4FA7 /* CustomPicker.m */ = {isa = PBXFileReference; fileEncoding = 4; lastKnownFileType = sourcecode.c.objc; name = CustomPicker.m; path = ../CustomPicker.m; sourceTree = "<group>"; };
		05CA3D161C9B99CF001E4FA7 /* InputValidation.h */ = {isa = PBXFileReference; fileEncoding = 4; lastKnownFileType = sourcecode.c.h; name = InputValidation.h; path = ../InputValidation.h; sourceTree = "<group>"; };
		05CA3D171C9B99CF001E4FA7 /* InputValidation.m */ = {isa = PBXFileReference; fileEncoding = 4; lastKnownFileType = sourcecode.c.objc; name = InputValidation.m; path = ../InputValidation.m; sourceTree = "<group>"; };
		05CA3D191C9BAA20001E4FA7 /* FarmEditViewController.h */ = {isa = PBXFileReference; fileEncoding = 4; lastKnownFileType = sourcecode.c.h; path = FarmEditViewController.h; sourceTree = "<group>"; };
		05CA3D1A1C9BAA20001E4FA7 /* FarmEditViewController.m */ = {isa = PBXFileReference; fileEncoding = 4; lastKnownFileType = sourcecode.c.objc; path = FarmEditViewController.m; sourceTree = "<group>"; };
		05D1F0FE1CB0275E002E6427 /* BottomUp.h */ = {isa = PBXFileReference; fileEncoding = 4; lastKnownFileType = sourcecode.c.h; path = BottomUp.h; sourceTree = "<group>"; };
		05D1F0FF1CB0275E002E6427 /* BottomUp.m */ = {isa = PBXFileReference; fileEncoding = 4; lastKnownFileType = sourcecode.c.objc; path = BottomUp.m; sourceTree = "<group>"; };
		05D1F1031CB1CA99002E6427 /* FilterOptionsViewController.h */ = {isa = PBXFileReference; fileEncoding = 4; lastKnownFileType = sourcecode.c.h; path = FilterOptionsViewController.h; sourceTree = "<group>"; };
		05D1F1041CB1CA99002E6427 /* FilterOptionsViewController.m */ = {isa = PBXFileReference; fileEncoding = 4; lastKnownFileType = sourcecode.c.objc; path = FilterOptionsViewController.m; sourceTree = "<group>"; };
		05D1F10D1CB749B8002E6427 /* SetContactInfoViewController.h */ = {isa = PBXFileReference; fileEncoding = 4; lastKnownFileType = sourcecode.c.h; path = SetContactInfoViewController.h; sourceTree = "<group>"; };
		05D1F10E1CB749B8002E6427 /* SetContactInfoViewController.m */ = {isa = PBXFileReference; fileEncoding = 4; lastKnownFileType = sourcecode.c.objc; path = SetContactInfoViewController.m; sourceTree = "<group>"; };
		05FFD4CD1D2DFC9D0085012F /* CitiesReportViewController.h */ = {isa = PBXFileReference; fileEncoding = 4; lastKnownFileType = sourcecode.c.h; path = CitiesReportViewController.h; sourceTree = "<group>"; };
		05FFD4CE1D2DFC9D0085012F /* CitiesReportViewController.m */ = {isa = PBXFileReference; fileEncoding = 4; lastKnownFileType = sourcecode.c.objc; path = CitiesReportViewController.m; sourceTree = "<group>"; };
/* End PBXFileReference section */

/* Begin PBXFrameworksBuildPhase section */
		054A14C71C8B9FD600F32A17 /* Frameworks */ = {
			isa = PBXFrameworksBuildPhase;
			buildActionMask = 2147483647;
			files = (
				05481D681D4E866C00360062 /* MessageUI.framework in Frameworks */,
				0576225D1CDBBBF400C9562B /* Social.framework in Frameworks */,
				05C0E8601CA3736A006D6DA6 /* libsqlite3.tbd in Frameworks */,
				052D01DB1CF5240C00F32BED /* GoogleSymbolUtilities.framework in Frameworks */,
				0538C4CE1C9BB7F60013A07D /* CoreLocation.framework in Frameworks */,
				0538C4CC1C9BB7E60013A07D /* MapKit.framework in Frameworks */,
				052D01D91CF5240C00F32BED /* FirebaseInstanceID.framework in Frameworks */,
				05681D1B1CEDCBB8000B487F /* FirebaseAuth.framework in Frameworks */,
				054A15431C98EBBC00F32A17 /* Accelerate.framework in Frameworks */,
				054A15411C98EBB200F32A17 /* QuartzCore.framework in Frameworks */,
				054A152E1C90E66200F32A17 /* libz.tbd in Frameworks */,
				052D01DA1CF5240C00F32BED /* GoogleInterchangeUtilities.framework in Frameworks */,
				052D01D51CF523CA00F32BED /* FirebaseAnalytics.framework in Frameworks */,
				054A15261C90DD8F00F32A17 /* SafariServices.framework in Frameworks */,
				054A15241C90DD8600F32A17 /* AddressBook.framework in Frameworks */,
				054A150E1C8BA19200F32A17 /* SystemConfiguration.framework in Frameworks */,
				054A150C1C8BA18B00F32A17 /* Security.framework in Frameworks */,
				05681D1E1CEDCBCB000B487F /* FirebaseDatabase.framework in Frameworks */,
				054A150A1C8BA18500F32A17 /* CFNetwork.framework in Frameworks */,
				054A15081C8BA17F00F32A17 /* libc++.tbd in Frameworks */,
				054A15131C8BA2D300F32A17 /* FBSDKCoreKit.framework in Frameworks */,
				054A15151C8BA2D300F32A17 /* FBSDKShareKit.framework in Frameworks */,
				05681D1C1CEDCBB8000B487F /* GoogleNetworkingUtilities.framework in Frameworks */,
				054A15061C8BA17800F32A17 /* libicucore.tbd in Frameworks */,
				052D01DD1CF5243700F32BED /* GoogleUtilities.framework in Frameworks */,
				054A15141C8BA2D300F32A17 /* FBSDKLoginKit.framework in Frameworks */,
				052D01F91CFFC95F00F32BED /* FirebaseStorage.framework in Frameworks */,
			);
			runOnlyForDeploymentPostprocessing = 0;
		};
		054A14E31C8B9FD600F32A17 /* Frameworks */ = {
			isa = PBXFrameworksBuildPhase;
			buildActionMask = 2147483647;
			files = (
			);
			runOnlyForDeploymentPostprocessing = 0;
		};
		054A14EE1C8B9FD600F32A17 /* Frameworks */ = {
			isa = PBXFrameworksBuildPhase;
			buildActionMask = 2147483647;
			files = (
			);
			runOnlyForDeploymentPostprocessing = 0;
		};
/* End PBXFrameworksBuildPhase section */

/* Begin PBXGroup section */
		051EA8751CBDE87300DFAF3A /* Admin */ = {
			isa = PBXGroup;
			children = (
				05FFD4CD1D2DFC9D0085012F /* CitiesReportViewController.h */,
				05FFD4CE1D2DFC9D0085012F /* CitiesReportViewController.m */,
				051EA86F1CBDE85200DFAF3A /* SetupCategoriesViewController.h */,
				051EA8701CBDE85200DFAF3A /* SetupCategoriesViewController.m */,
				051EA8721CBDE86700DFAF3A /* AdminTableViewController.h */,
				051EA8731CBDE86700DFAF3A /* AdminTableViewController.m */,
			);
			name = Admin;
			sourceTree = "<group>";
		};
		052D01E01CFB1B8B00F32BED /* GeoFire */ = {
			isa = PBXGroup;
			children = (
				052D01E11CFB1B8B00F32BED /* GeoFire.h */,
				052D01E21CFB1B8B00F32BED /* GeoFire.m */,
				052D01E31CFB1B8B00F32BED /* GFBase32Utils.h */,
				052D01E41CFB1B8B00F32BED /* GFBase32Utils.m */,
				052D01E51CFB1B8B00F32BED /* GFCircleQuery.h */,
				052D01E61CFB1B8B00F32BED /* GFGeoHash.h */,
				052D01E71CFB1B8B00F32BED /* GFGeoHash.m */,
				052D01E81CFB1B8B00F32BED /* GFGeoHashQuery.h */,
				052D01E91CFB1B8B00F32BED /* GFGeoHashQuery.m */,
				052D01EA1CFB1B8B00F32BED /* GFQuery.h */,
				052D01EB1CFB1B8B00F32BED /* GFQuery.m */,
				052D01EC1CFB1B8B00F32BED /* GFRegionQuery.h */,
			);
			path = GeoFire;
			sourceTree = "<group>";
		};
		0538C52A1C9FA74D0013A07D /* Farm Profile */ = {
			isa = PBXGroup;
			children = (
				052D01F21CFC892F00F32BED /* PostReviewViewController.h */,
				052D01F31CFC892F00F32BED /* PostReviewViewController.m */,
				05BBBFFE1CBC594C00569DB8 /* EditScheduleViewController.h */,
				05BBBFFF1CBC594C00569DB8 /* EditScheduleViewController.m */,
				05D1F10D1CB749B8002E6427 /* SetContactInfoViewController.h */,
				05D1F10E1CB749B8002E6427 /* SetContactInfoViewController.m */,
				05C0E8301CA3191D006D6DA6 /* FarmProfileViewController.h */,
				05C0E8311CA3191D006D6DA6 /* FarmProfileViewController.m */,
				05C0E82D1CA318F5006D6DA6 /* CustomerReviewsViewController.h */,
				05C0E82E1CA318F5006D6DA6 /* CustomerReviewsViewController.m */,
				0538C52C1C9FA93A0013A07D /* EditDescriptionViewController.h */,
				0538C52D1C9FA93A0013A07D /* EditDescriptionViewController.m */,
				054A154D1C9A5A3E00F32A17 /* FarmerSetupViewController.h */,
				054A154E1C9A5A3E00F32A17 /* FarmerSetupViewController.m */,
				0538C51E1C9F38460013A07D /* FarmLocationsViewController.h */,
				0538C51F1C9F38460013A07D /* FarmLocationsViewController.m */,
				05CA3D191C9BAA20001E4FA7 /* FarmEditViewController.h */,
				05CA3D1A1C9BAA20001E4FA7 /* FarmEditViewController.m */,
			);
			name = "Farm Profile";
			sourceTree = "<group>";
		};
		0538C52B1C9FA77C0013A07D /* Models */ = {
			isa = PBXGroup;
			children = (
				054A15341C9355A600F32A17 /* UserModel.h */,
				054A15351C9355A600F32A17 /* UserModel.m */,
				054A15191C8C6A9B00F32A17 /* ProduceModel.h */,
				054A151A1C8C6A9B00F32A17 /* ProduceModel.m */,
				052D01F51CFFC6B300F32BED /* ImageModel.h */,
				052D01F61CFFC6B300F32BED /* ImageModel.m */,
				05BF46D71D4080590062FE8D /* ContactModel.h */,
				05BF46D81D4080590062FE8D /* ContactModel.m */,
				05BF46DA1D40809E0062FE8D /* DatabaseRequest.h */,
				05BF46DB1D40809E0062FE8D /* DatabaseRequest.m */,
			);
			name = Models;
			sourceTree = "<group>";
		};
		0538C52F1C9FA98F0013A07D /* Helpers */ = {
			isa = PBXGroup;
			children = (
				05BEEBDC1CCD594600037824 /* ChatLabel.h */,
				05BEEBDD1CCD594600037824 /* ChatLabel.m */,
				05D1F0FE1CB0275E002E6427 /* BottomUp.h */,
				05D1F0FF1CB0275E002E6427 /* BottomUp.m */,
				05CA3D161C9B99CF001E4FA7 /* InputValidation.h */,
				05CA3D171C9B99CF001E4FA7 /* InputValidation.m */,
				05CA3D131C9AF0F0001E4FA7 /* CustomPicker.h */,
				05CA3D141C9AF0F0001E4FA7 /* CustomPicker.m */,
				054A15471C9903B500F32A17 /* HelperMethods.h */,
				054A15481C9903B500F32A17 /* HelperMethods.m */,
			);
			name = Helpers;
			sourceTree = "<group>";
		};
		0538C5301C9FA9BE0013A07D /* User Profile */ = {
			isa = PBXGroup;
			children = (
				05C0E8361CA31DAD006D6DA6 /* NotificationSettingsViewController.h */,
				05C0E8371CA31DAD006D6DA6 /* NotificationSettingsViewController.m */,
				05C0E8241CA1EC0A006D6DA6 /* ChangePasswordViewController.h */,
				05C0E8251CA1EC0A006D6DA6 /* ChangePasswordViewController.m */,
				05C0E8211CA1EA70006D6DA6 /* ChangeEmailViewController.h */,
				05C0E8221CA1EA70006D6DA6 /* ChangeEmailViewController.m */,
				0538C5271C9FA4F00013A07D /* EditProfileViewController.h */,
				0538C5281C9FA4F00013A07D /* EditProfileViewController.m */,
			);
			name = "User Profile";
			sourceTree = "<group>";
		};
		0538C5311C9FA9D10013A07D /* Main Screens */ = {
			isa = PBXGroup;
			children = (
				05D1F1031CB1CA99002E6427 /* FilterOptionsViewController.h */,
				05D1F1041CB1CA99002E6427 /* FilterOptionsViewController.m */,
				05C0E82A1CA2CAE4006D6DA6 /* PostProductViewController.h */,
				05C0E82B1CA2CAE4006D6DA6 /* PostProductViewController.m */,
				05C0E8271CA22194006D6DA6 /* ProductViewController.h */,
				05C0E8281CA22194006D6DA6 /* ProductViewController.m */,
				05C0E81E1CA1AB9C006D6DA6 /* ChatMessagesViewController.h */,
				05C0E81F1CA1AB9C006D6DA6 /* ChatMessagesViewController.m */,
				05C0E81B1CA1A574006D6DA6 /* FavoritesViewController.h */,
				05C0E81C1CA1A574006D6DA6 /* FavoritesViewController.m */,
				05C0E8181CA1A550006D6DA6 /* ChatMenuViewController.h */,
				05C0E8191CA1A550006D6DA6 /* ChatMenuViewController.m */,
				055948B91CA16A2700608592 /* NotificationsViewController.h */,
				055948BA1CA16A2700608592 /* NotificationsViewController.m */,
				0538C5361CA0C8050013A07D /* InviteFriendsViewController.h */,
				0538C5371CA0C8050013A07D /* InviteFriendsViewController.m */,
				0538C5331CA0C47D0013A07D /* HelpViewController.h */,
				0538C5341CA0C47D0013A07D /* HelpViewController.m */,
				054A151C1C90D8E500F32A17 /* MainMenuViewController.h */,
				054A151D1C90D8E500F32A17 /* MainMenuViewController.m */,
				054A15161C8BA94D00F32A17 /* HomeViewController.h */,
				054A15171C8BA94D00F32A17 /* HomeViewController.m */,
			);
			name = "Main Screens";
			sourceTree = "<group>";
		};
		0538C5321C9FA9E70013A07D /* Multi Group */ = {
			isa = PBXGroup;
			children = (
				05BF46D41D407ABB0062FE8D /* CreateSupportTicketViewController.h */,
				05BF46D51D407ABB0062FE8D /* CreateSupportTicketViewController.m */,
				05C0E8331CA31D78006D6DA6 /* HelpDisplayViewController.h */,
				05C0E8341CA31D78006D6DA6 /* HelpDisplayViewController.m */,
				0538C5241C9F3E430013A07D /* ChooseLocationViewController.h */,
				0538C5251C9F3E430013A07D /* ChooseLocationViewController.m */,
			);
			name = "Multi Group";
			sourceTree = "<group>";
		};
		054A14C11C8B9FD600F32A17 = {
			isa = PBXGroup;
			children = (
				054A14CC1C8B9FD600F32A17 /* Farm Fresh */,
				054A150F1C8BA2AE00F32A17 /* Frameworks */,
				054A14E91C8B9FD600F32A17 /* Farm FreshTests */,
				054A14F41C8B9FD600F32A17 /* Farm FreshUITests */,
				054A14CB1C8B9FD600F32A17 /* Products */,
			);
			sourceTree = "<group>";
		};
		054A14CB1C8B9FD600F32A17 /* Products */ = {
			isa = PBXGroup;
			children = (
				054A14CA1C8B9FD600F32A17 /* Farm Fresh.app */,
				054A14E61C8B9FD600F32A17 /* Farm FreshTests.xctest */,
				054A14F11C8B9FD600F32A17 /* Farm FreshUITests.xctest */,
			);
			name = Products;
			sourceTree = "<group>";
		};
		054A14CC1C8B9FD600F32A17 /* Farm Fresh */ = {
			isa = PBXGroup;
			children = (
				05BD29621D0C375100DDFD05 /* Editing Screens */,
				0538C5321C9FA9E70013A07D /* Multi Group */,
				0538C5311C9FA9D10013A07D /* Main Screens */,
				0538C5301C9FA9BE0013A07D /* User Profile */,
				0538C52F1C9FA98F0013A07D /* Helpers */,
				0538C52B1C9FA77C0013A07D /* Models */,
				0538C52A1C9FA74D0013A07D /* Farm Profile */,
				054A153F1C98929800F32A17 /* Login/Signup */,
				054A15391C93565100F32A17 /* Constants.h */,
				054A14D61C8B9FD600F32A17 /* Main.storyboard */,
				051EA8751CBDE87300DFAF3A /* Admin */,
				054A14DC1C8B9FD600F32A17 /* Assets.xcassets */,
				054A14CD1C8B9FD600F32A17 /* Supporting Files */,
			);
			path = "Farm Fresh";
			sourceTree = "<group>";
		};
		054A14CD1C8B9FD600F32A17 /* Supporting Files */ = {
			isa = PBXGroup;
			children = (
				05BD295F1D0C35A500DDFD05 /* SwipeableTableViewCell.h */,
				05BD29601D0C35A500DDFD05 /* SwipeableTableViewCell.m */,
				054A14D01C8B9FD600F32A17 /* AppDelegate.h */,
				054A14D11C8B9FD600F32A17 /* AppDelegate.m */,
				05681D0C1CE959CD000B487F /* UIImage+Resize.h */,
				05681D0D1CE959CD000B487F /* UIImage+Resize.m */,
				0538C5211C9F3E2F0013A07D /* AZDraggableAnnotationView.h */,
				0538C5221C9F3E2F0013A07D /* AZDraggableAnnotationView.m */,
				054A15441C98EE7900F32A17 /* UIView+AddOns.h */,
				054A15451C98EE7900F32A17 /* UIView+AddOns.m */,
				054A154A1C99048000F32A17 /* UIImage+ImageEffects.h */,
				054A154B1C99048000F32A17 /* UIImage+ImageEffects.m */,
				054A14DE1C8B9FD600F32A17 /* LaunchScreen.storyboard */,
				054A14E11C8B9FD600F32A17 /* Info.plist */,
				05681D201CEDCDD9000B487F /* GoogleService-Info.plist */,
				054A14D91C8B9FD600F32A17 /* Farm_Fresh.xcdatamodeld */,
				054A14CE1C8B9FD600F32A17 /* main.m */,
			);
			name = "Supporting Files";
			sourceTree = "<group>";
		};
		054A14E91C8B9FD600F32A17 /* Farm FreshTests */ = {
			isa = PBXGroup;
			children = (
				054A14EA1C8B9FD600F32A17 /* Farm_FreshTests.m */,
				054A14EC1C8B9FD600F32A17 /* Info.plist */,
			);
			path = "Farm FreshTests";
			sourceTree = "<group>";
		};
		054A14F41C8B9FD600F32A17 /* Farm FreshUITests */ = {
			isa = PBXGroup;
			children = (
				054A14F51C8B9FD600F32A17 /* Farm_FreshUITests.m */,
				054A14F71C8B9FD600F32A17 /* Info.plist */,
			);
			path = "Farm FreshUITests";
			sourceTree = "<group>";
		};
		054A150F1C8BA2AE00F32A17 /* Frameworks */ = {
			isa = PBXGroup;
			children = (
				05481D671D4E866C00360062 /* MessageUI.framework */,
				052D01E01CFB1B8B00F32BED /* GeoFire */,
				05681D1F1CEDCBF3000B487F /* Firebase.h */,
				052D01F81CFFC95F00F32BED /* FirebaseStorage.framework */,
				052D01DC1CF5243700F32BED /* GoogleUtilities.framework */,
				052D01D61CF5240C00F32BED /* FirebaseInstanceID.framework */,
				052D01D71CF5240C00F32BED /* GoogleInterchangeUtilities.framework */,
				052D01D81CF5240C00F32BED /* GoogleSymbolUtilities.framework */,
				052D01D41CF523C900F32BED /* FirebaseAnalytics.framework */,
				05681D1D1CEDCBCB000B487F /* FirebaseDatabase.framework */,
				05681D191CEDCBB8000B487F /* FirebaseAuth.framework */,
				05681D1A1CEDCBB8000B487F /* GoogleNetworkingUtilities.framework */,
				0576225C1CDBBBF400C9562B /* Social.framework */,
				05C0E85F1CA3736A006D6DA6 /* libsqlite3.tbd */,
				0538C4CD1C9BB7F60013A07D /* CoreLocation.framework */,
				0538C4CB1C9BB7E60013A07D /* MapKit.framework */,
				054A15421C98EBBC00F32A17 /* Accelerate.framework */,
				054A15401C98EBB200F32A17 /* QuartzCore.framework */,
				054A152D1C90E66200F32A17 /* libz.tbd */,
				054A15251C90DD8F00F32A17 /* SafariServices.framework */,
				054A15231C90DD8600F32A17 /* AddressBook.framework */,
				054A15071C8BA17F00F32A17 /* libc++.tbd */,
				054A15051C8BA17800F32A17 /* libicucore.tbd */,
				054A15101C8BA2D300F32A17 /* FBSDKCoreKit.framework */,
				054A15111C8BA2D300F32A17 /* FBSDKLoginKit.framework */,
				054A15121C8BA2D300F32A17 /* FBSDKShareKit.framework */,
				054A150D1C8BA19200F32A17 /* SystemConfiguration.framework */,
				054A150B1C8BA18B00F32A17 /* Security.framework */,
				054A15091C8BA18500F32A17 /* CFNetwork.framework */,
			);
			name = Frameworks;
			sourceTree = "<group>";
		};
		054A153F1C98929800F32A17 /* Login/Signup */ = {
			isa = PBXGroup;
			children = (
				054A152F1C930C4C00F32A17 /* SignUpViewController.h */,
				054A15301C930C4C00F32A17 /* SignUpViewController.m */,
				054A153A1C9789DB00F32A17 /* EmailSignUpViewController.h */,
				054A153B1C9789DB00F32A17 /* EmailSignUpViewController.m */,
			);
			name = Login/Signup;
			sourceTree = "<group>";
		};
		05BD29621D0C375100DDFD05 /* Editing Screens */ = {
			isa = PBXGroup;
			children = (
				05BD295C1D0B701700DDFD05 /* EditProductViewController.h */,
				05BD295D1D0B701700DDFD05 /* EditProductViewController.m */,
			);
			name = "Editing Screens";
			sourceTree = "<group>";
		};
/* End PBXGroup section */

/* Begin PBXNativeTarget section */
		054A14C91C8B9FD600F32A17 /* Farm Fresh */ = {
			isa = PBXNativeTarget;
			buildConfigurationList = 054A14FA1C8B9FD600F32A17 /* Build configuration list for PBXNativeTarget "Farm Fresh" */;
			buildPhases = (
				054A14C61C8B9FD600F32A17 /* Sources */,
				054A14C71C8B9FD600F32A17 /* Frameworks */,
				054A14C81C8B9FD600F32A17 /* Resources */,
			);
			buildRules = (
			);
			dependencies = (
			);
			name = "Farm Fresh";
			productName = "Farm Fresh";
			productReference = 054A14CA1C8B9FD600F32A17 /* Farm Fresh.app */;
			productType = "com.apple.product-type.application";
		};
		054A14E51C8B9FD600F32A17 /* Farm FreshTests */ = {
			isa = PBXNativeTarget;
			buildConfigurationList = 054A14FD1C8B9FD600F32A17 /* Build configuration list for PBXNativeTarget "Farm FreshTests" */;
			buildPhases = (
				054A14E21C8B9FD600F32A17 /* Sources */,
				054A14E31C8B9FD600F32A17 /* Frameworks */,
				054A14E41C8B9FD600F32A17 /* Resources */,
			);
			buildRules = (
			);
			dependencies = (
				054A14E81C8B9FD600F32A17 /* PBXTargetDependency */,
			);
			name = "Farm FreshTests";
			productName = "Farm FreshTests";
			productReference = 054A14E61C8B9FD600F32A17 /* Farm FreshTests.xctest */;
			productType = "com.apple.product-type.bundle.unit-test";
		};
		054A14F01C8B9FD600F32A17 /* Farm FreshUITests */ = {
			isa = PBXNativeTarget;
			buildConfigurationList = 054A15001C8B9FD600F32A17 /* Build configuration list for PBXNativeTarget "Farm FreshUITests" */;
			buildPhases = (
				054A14ED1C8B9FD600F32A17 /* Sources */,
				054A14EE1C8B9FD600F32A17 /* Frameworks */,
				054A14EF1C8B9FD600F32A17 /* Resources */,
			);
			buildRules = (
			);
			dependencies = (
				054A14F31C8B9FD600F32A17 /* PBXTargetDependency */,
			);
			name = "Farm FreshUITests";
			productName = "Farm FreshUITests";
			productReference = 054A14F11C8B9FD600F32A17 /* Farm FreshUITests.xctest */;
			productType = "com.apple.product-type.bundle.ui-testing";
		};
/* End PBXNativeTarget section */

/* Begin PBXProject section */
		054A14C21C8B9FD600F32A17 /* Project object */ = {
			isa = PBXProject;
			attributes = {
				LastUpgradeCheck = 0720;
				ORGANIZATIONNAME = "Farm Fresh";
				TargetAttributes = {
					054A14C91C8B9FD600F32A17 = {
						CreatedOnToolsVersion = 7.2.1;
						DevelopmentTeam = 4QR8727ADF;
						SystemCapabilities = {
							com.apple.InAppPurchase = {
								enabled = 0;
							};
							com.apple.Push = {
								enabled = 1;
							};
						};
					};
					054A14E51C8B9FD600F32A17 = {
						CreatedOnToolsVersion = 7.2.1;
						TestTargetID = 054A14C91C8B9FD600F32A17;
					};
					054A14F01C8B9FD600F32A17 = {
						CreatedOnToolsVersion = 7.2.1;
						TestTargetID = 054A14C91C8B9FD600F32A17;
					};
				};
			};
			buildConfigurationList = 054A14C51C8B9FD600F32A17 /* Build configuration list for PBXProject "Farm Fresh" */;
			compatibilityVersion = "Xcode 3.2";
			developmentRegion = English;
			hasScannedForEncodings = 0;
			knownRegions = (
				en,
				Base,
			);
			mainGroup = 054A14C11C8B9FD600F32A17;
			productRefGroup = 054A14CB1C8B9FD600F32A17 /* Products */;
			projectDirPath = "";
			projectRoot = "";
			targets = (
				054A14C91C8B9FD600F32A17 /* Farm Fresh */,
				054A14E51C8B9FD600F32A17 /* Farm FreshTests */,
				054A14F01C8B9FD600F32A17 /* Farm FreshUITests */,
			);
		};
/* End PBXProject section */

/* Begin PBXResourcesBuildPhase section */
		054A14C81C8B9FD600F32A17 /* Resources */ = {
			isa = PBXResourcesBuildPhase;
			buildActionMask = 2147483647;
			files = (
				05681D211CEDCDD9000B487F /* GoogleService-Info.plist in Resources */,
				054A14E01C8B9FD600F32A17 /* LaunchScreen.storyboard in Resources */,
				054A14DD1C8B9FD600F32A17 /* Assets.xcassets in Resources */,
				054A14D81C8B9FD600F32A17 /* Main.storyboard in Resources */,
			);
			runOnlyForDeploymentPostprocessing = 0;
		};
		054A14E41C8B9FD600F32A17 /* Resources */ = {
			isa = PBXResourcesBuildPhase;
			buildActionMask = 2147483647;
			files = (
			);
			runOnlyForDeploymentPostprocessing = 0;
		};
		054A14EF1C8B9FD600F32A17 /* Resources */ = {
			isa = PBXResourcesBuildPhase;
			buildActionMask = 2147483647;
			files = (
			);
			runOnlyForDeploymentPostprocessing = 0;
		};
/* End PBXResourcesBuildPhase section */

/* Begin PBXSourcesBuildPhase section */
		054A14C61C8B9FD600F32A17 /* Sources */ = {
			isa = PBXSourcesBuildPhase;
			buildActionMask = 2147483647;
			files = (
				051EA8741CBDE86700DFAF3A /* AdminTableViewController.m in Sources */,
				054A14DB1C8B9FD600F32A17 /* Farm_Fresh.xcdatamodeld in Sources */,
				0538C5351CA0C47D0013A07D /* HelpViewController.m in Sources */,
				052D01F71CFFC6B300F32BED /* ImageModel.m in Sources */,
				05BD295E1D0B701700DDFD05 /* EditProductViewController.m in Sources */,
				05C0E8351CA31D78006D6DA6 /* HelpDisplayViewController.m in Sources */,
				0538C5231C9F3E2F0013A07D /* AZDraggableAnnotationView.m in Sources */,
				0538C5291C9FA4F00013A07D /* EditProfileViewController.m in Sources */,
				05C0E81A1CA1A550006D6DA6 /* ChatMenuViewController.m in Sources */,
				05C0E8321CA3191D006D6DA6 /* FarmProfileViewController.m in Sources */,
				05C0E8201CA1AB9C006D6DA6 /* ChatMessagesViewController.m in Sources */,
				05D1F10F1CB749B8002E6427 /* SetContactInfoViewController.m in Sources */,
				052D01EF1CFB1B8B00F32BED /* GFGeoHash.m in Sources */,
				054A154C1C99048000F32A17 /* UIImage+ImageEffects.m in Sources */,
				05CA3D1B1C9BAA20001E4FA7 /* FarmEditViewController.m in Sources */,
				054A14D21C8B9FD600F32A17 /* AppDelegate.m in Sources */,
				0538C5201C9F38460013A07D /* FarmLocationsViewController.m in Sources */,
				054A15461C98EE7900F32A17 /* UIView+AddOns.m in Sources */,
				05BF46DC1D40809E0062FE8D /* DatabaseRequest.m in Sources */,
				054A15181C8BA94D00F32A17 /* HomeViewController.m in Sources */,
				05C0E8291CA22194006D6DA6 /* ProductViewController.m in Sources */,
				05D1F1051CB1CA99002E6427 /* FilterOptionsViewController.m in Sources */,
				054A151B1C8C6A9B00F32A17 /* ProduceModel.m in Sources */,
				05CA3D181C9B99CF001E4FA7 /* InputValidation.m in Sources */,
				054A15491C9903B500F32A17 /* HelperMethods.m in Sources */,
				05C0E82F1CA318F5006D6DA6 /* CustomerReviewsViewController.m in Sources */,
				054A14CF1C8B9FD600F32A17 /* main.m in Sources */,
				054A15311C930C4C00F32A17 /* SignUpViewController.m in Sources */,
				0538C52E1C9FA93A0013A07D /* EditDescriptionViewController.m in Sources */,
				051EA8711CBDE85200DFAF3A /* SetupCategoriesViewController.m in Sources */,
				05BF46D91D4080590062FE8D /* ContactModel.m in Sources */,
				05BBC0001CBC594C00569DB8 /* EditScheduleViewController.m in Sources */,
				052D01F01CFB1B8B00F32BED /* GFGeoHashQuery.m in Sources */,
				0538C5261C9F3E430013A07D /* ChooseLocationViewController.m in Sources */,
				05681D0E1CE959CD000B487F /* UIImage+Resize.m in Sources */,
				05C0E8261CA1EC0A006D6DA6 /* ChangePasswordViewController.m in Sources */,
				055948BB1CA16A2700608592 /* NotificationsViewController.m in Sources */,
				052D01F11CFB1B8B00F32BED /* GFQuery.m in Sources */,
				054A153C1C9789DB00F32A17 /* EmailSignUpViewController.m in Sources */,
				05BF46D61D407ABB0062FE8D /* CreateSupportTicketViewController.m in Sources */,
				05C0E81D1CA1A574006D6DA6 /* FavoritesViewController.m in Sources */,
				054A154F1C9A5A3E00F32A17 /* FarmerSetupViewController.m in Sources */,
				05C0E82C1CA2CAE4006D6DA6 /* PostProductViewController.m in Sources */,
				0538C5381CA0C8050013A07D /* InviteFriendsViewController.m in Sources */,
				05CA3D151C9AF0F0001E4FA7 /* CustomPicker.m in Sources */,
				05BD29611D0C35A500DDFD05 /* SwipeableTableViewCell.m in Sources */,
				05BEEBDE1CCD594600037824 /* ChatLabel.m in Sources */,
				05D1F1001CB0275E002E6427 /* BottomUp.m in Sources */,
				052D01EE1CFB1B8B00F32BED /* GFBase32Utils.m in Sources */,
				054A151E1C90D8E500F32A17 /* MainMenuViewController.m in Sources */,
				054A15361C9355A600F32A17 /* UserModel.m in Sources */,
				05FFD4CF1D2DFC9D0085012F /* CitiesReportViewController.m in Sources */,
				052D01F41CFC892F00F32BED /* PostReviewViewController.m in Sources */,
				05C0E8231CA1EA70006D6DA6 /* ChangeEmailViewController.m in Sources */,
				05C0E8381CA31DAD006D6DA6 /* NotificationSettingsViewController.m in Sources */,
				052D01ED1CFB1B8B00F32BED /* GeoFire.m in Sources */,
			);
			runOnlyForDeploymentPostprocessing = 0;
		};
		054A14E21C8B9FD600F32A17 /* Sources */ = {
			isa = PBXSourcesBuildPhase;
			buildActionMask = 2147483647;
			files = (
				054A15321C930C4C00F32A17 /* SignUpViewController.m in Sources */,
				054A14EB1C8B9FD600F32A17 /* Farm_FreshTests.m in Sources */,
				054A15371C9355A600F32A17 /* UserModel.m in Sources */,
				054A153D1C9789DB00F32A17 /* EmailSignUpViewController.m in Sources */,
			);
			runOnlyForDeploymentPostprocessing = 0;
		};
		054A14ED1C8B9FD600F32A17 /* Sources */ = {
			isa = PBXSourcesBuildPhase;
			buildActionMask = 2147483647;
			files = (
				054A15331C930C4C00F32A17 /* SignUpViewController.m in Sources */,
				054A14F61C8B9FD600F32A17 /* Farm_FreshUITests.m in Sources */,
				054A15381C9355A600F32A17 /* UserModel.m in Sources */,
				054A153E1C9789DB00F32A17 /* EmailSignUpViewController.m in Sources */,
			);
			runOnlyForDeploymentPostprocessing = 0;
		};
/* End PBXSourcesBuildPhase section */

/* Begin PBXTargetDependency section */
		054A14E81C8B9FD600F32A17 /* PBXTargetDependency */ = {
			isa = PBXTargetDependency;
			target = 054A14C91C8B9FD600F32A17 /* Farm Fresh */;
			targetProxy = 054A14E71C8B9FD600F32A17 /* PBXContainerItemProxy */;
		};
		054A14F31C8B9FD600F32A17 /* PBXTargetDependency */ = {
			isa = PBXTargetDependency;
			target = 054A14C91C8B9FD600F32A17 /* Farm Fresh */;
			targetProxy = 054A14F21C8B9FD600F32A17 /* PBXContainerItemProxy */;
		};
/* End PBXTargetDependency section */

/* Begin PBXVariantGroup section */
		054A14D61C8B9FD600F32A17 /* Main.storyboard */ = {
			isa = PBXVariantGroup;
			children = (
				054A14D71C8B9FD600F32A17 /* Base */,
			);
			name = Main.storyboard;
			sourceTree = "<group>";
		};
		054A14DE1C8B9FD600F32A17 /* LaunchScreen.storyboard */ = {
			isa = PBXVariantGroup;
			children = (
				054A14DF1C8B9FD600F32A17 /* Base */,
			);
			name = LaunchScreen.storyboard;
			sourceTree = "<group>";
		};
/* End PBXVariantGroup section */

/* Begin XCBuildConfiguration section */
		054A14F81C8B9FD600F32A17 /* Debug */ = {
			isa = XCBuildConfiguration;
			buildSettings = {
				ALWAYS_SEARCH_USER_PATHS = NO;
				CLANG_CXX_LANGUAGE_STANDARD = "gnu++0x";
				CLANG_CXX_LIBRARY = "libc++";
				CLANG_ENABLE_MODULES = YES;
				CLANG_ENABLE_OBJC_ARC = YES;
				CLANG_WARN_BOOL_CONVERSION = YES;
				CLANG_WARN_CONSTANT_CONVERSION = YES;
				CLANG_WARN_DIRECT_OBJC_ISA_USAGE = YES_ERROR;
				CLANG_WARN_EMPTY_BODY = YES;
				CLANG_WARN_ENUM_CONVERSION = YES;
				CLANG_WARN_INT_CONVERSION = YES;
				CLANG_WARN_OBJC_ROOT_CLASS = YES_ERROR;
				CLANG_WARN_UNREACHABLE_CODE = YES;
				CLANG_WARN__DUPLICATE_METHOD_MATCH = YES;
				"CODE_SIGN_IDENTITY[sdk=iphoneos*]" = "iPhone Developer";
				COPY_PHASE_STRIP = NO;
				DEBUG_INFORMATION_FORMAT = dwarf;
				ENABLE_STRICT_OBJC_MSGSEND = YES;
				ENABLE_TESTABILITY = YES;
				GCC_C_LANGUAGE_STANDARD = gnu99;
				GCC_DYNAMIC_NO_PIC = NO;
				GCC_NO_COMMON_BLOCKS = YES;
				GCC_OPTIMIZATION_LEVEL = 0;
				GCC_PREPROCESSOR_DEFINITIONS = (
					"DEBUG=1",
					"$(inherited)",
				);
				GCC_WARN_64_TO_32_BIT_CONVERSION = YES;
				GCC_WARN_ABOUT_RETURN_TYPE = YES_ERROR;
				GCC_WARN_UNDECLARED_SELECTOR = YES;
				GCC_WARN_UNINITIALIZED_AUTOS = YES_AGGRESSIVE;
				GCC_WARN_UNUSED_FUNCTION = YES;
				GCC_WARN_UNUSED_VARIABLE = YES;
				IPHONEOS_DEPLOYMENT_TARGET = 9.2;
				MTL_ENABLE_DEBUG_INFO = YES;
				ONLY_ACTIVE_ARCH = YES;
				SDKROOT = iphoneos;
			};
			name = Debug;
		};
		054A14F91C8B9FD600F32A17 /* Release */ = {
			isa = XCBuildConfiguration;
			buildSettings = {
				ALWAYS_SEARCH_USER_PATHS = NO;
				CLANG_CXX_LANGUAGE_STANDARD = "gnu++0x";
				CLANG_CXX_LIBRARY = "libc++";
				CLANG_ENABLE_MODULES = YES;
				CLANG_ENABLE_OBJC_ARC = YES;
				CLANG_WARN_BOOL_CONVERSION = YES;
				CLANG_WARN_CONSTANT_CONVERSION = YES;
				CLANG_WARN_DIRECT_OBJC_ISA_USAGE = YES_ERROR;
				CLANG_WARN_EMPTY_BODY = YES;
				CLANG_WARN_ENUM_CONVERSION = YES;
				CLANG_WARN_INT_CONVERSION = YES;
				CLANG_WARN_OBJC_ROOT_CLASS = YES_ERROR;
				CLANG_WARN_UNREACHABLE_CODE = YES;
				CLANG_WARN__DUPLICATE_METHOD_MATCH = YES;
				"CODE_SIGN_IDENTITY[sdk=iphoneos*]" = "iPhone Developer";
				COPY_PHASE_STRIP = NO;
				DEBUG_INFORMATION_FORMAT = "dwarf-with-dsym";
				ENABLE_NS_ASSERTIONS = NO;
				ENABLE_STRICT_OBJC_MSGSEND = YES;
				GCC_C_LANGUAGE_STANDARD = gnu99;
				GCC_NO_COMMON_BLOCKS = YES;
				GCC_WARN_64_TO_32_BIT_CONVERSION = YES;
				GCC_WARN_ABOUT_RETURN_TYPE = YES_ERROR;
				GCC_WARN_UNDECLARED_SELECTOR = YES;
				GCC_WARN_UNINITIALIZED_AUTOS = YES_AGGRESSIVE;
				GCC_WARN_UNUSED_FUNCTION = YES;
				GCC_WARN_UNUSED_VARIABLE = YES;
				IPHONEOS_DEPLOYMENT_TARGET = 9.2;
				MTL_ENABLE_DEBUG_INFO = NO;
				SDKROOT = iphoneos;
				VALIDATE_PRODUCT = YES;
			};
			name = Release;
		};
		054A14FB1C8B9FD600F32A17 /* Debug */ = {
			isa = XCBuildConfiguration;
			buildSettings = {
				ASSETCATALOG_COMPILER_APPICON_NAME = AppIcon;
				CODE_SIGN_IDENTITY = "iPhone Developer";
				"CODE_SIGN_IDENTITY[sdk=iphoneos*]" = "iPhone Developer";
				ENABLE_BITCODE = NO;
				FRAMEWORK_SEARCH_PATHS = (
					"$(inherited)",
					"$(PROJECT_DIR)",
				);
				INFOPLIST_FILE = "Farm Fresh/Info.plist";
				LD_RUNPATH_SEARCH_PATHS = "$(inherited) @executable_path/Frameworks";
				OTHER_LDFLAGS = (
					"$(OTHER_LDFLAGS)",
					"-ObjC",
				);
				PRODUCT_BUNDLE_IDENTIFIER = "com.farmfresh.Farm-Fresh";
				PRODUCT_NAME = "$(TARGET_NAME)";
				PROVISIONING_PROFILE = "";
			};
			name = Debug;
		};
		054A14FC1C8B9FD600F32A17 /* Release */ = {
			isa = XCBuildConfiguration;
			buildSettings = {
				ASSETCATALOG_COMPILER_APPICON_NAME = AppIcon;
				CODE_SIGN_IDENTITY = "iPhone Distribution: School Intercom Inc. (4QR8727ADF)";
				"CODE_SIGN_IDENTITY[sdk=iphoneos*]" = "iPhone Distribution: School Intercom Inc. (4QR8727ADF)";
				ENABLE_BITCODE = NO;
				FRAMEWORK_SEARCH_PATHS = (
					"$(inherited)",
					"$(PROJECT_DIR)",
				);
				INFOPLIST_FILE = "Farm Fresh/Info.plist";
				LD_RUNPATH_SEARCH_PATHS = "$(inherited) @executable_path/Frameworks";
				OTHER_LDFLAGS = (
					"$(OTHER_LDFLAGS)",
					"-ObjC",
				);
				PRODUCT_BUNDLE_IDENTIFIER = "com.farmfresh.Farm-Fresh";
				PRODUCT_NAME = "$(TARGET_NAME)";
				PROVISIONING_PROFILE = "44624000-7da9-4f98-ba6f-cdaf2a1f5c24";
			};
			name = Release;
		};
		054A14FE1C8B9FD600F32A17 /* Debug */ = {
			isa = XCBuildConfiguration;
			buildSettings = {
				BUNDLE_LOADER = "$(TEST_HOST)";
				INFOPLIST_FILE = "Farm FreshTests/Info.plist";
				LD_RUNPATH_SEARCH_PATHS = "$(inherited) @executable_path/Frameworks @loader_path/Frameworks";
				PRODUCT_BUNDLE_IDENTIFIER = "com.farmfresh.Farm-FreshTests";
				PRODUCT_NAME = "$(TARGET_NAME)";
				TEST_HOST = "$(BUILT_PRODUCTS_DIR)/Farm Fresh.app/Farm Fresh";
			};
			name = Debug;
		};
		054A14FF1C8B9FD600F32A17 /* Release */ = {
			isa = XCBuildConfiguration;
			buildSettings = {
				BUNDLE_LOADER = "$(TEST_HOST)";
				INFOPLIST_FILE = "Farm FreshTests/Info.plist";
				LD_RUNPATH_SEARCH_PATHS = "$(inherited) @executable_path/Frameworks @loader_path/Frameworks";
				PRODUCT_BUNDLE_IDENTIFIER = "com.farmfresh.Farm-FreshTests";
				PRODUCT_NAME = "$(TARGET_NAME)";
				TEST_HOST = "$(BUILT_PRODUCTS_DIR)/Farm Fresh.app/Farm Fresh";
			};
			name = Release;
		};
		054A15011C8B9FD600F32A17 /* Debug */ = {
			isa = XCBuildConfiguration;
			buildSettings = {
				CODE_SIGN_IDENTITY = "iPhone Distribution";
				INFOPLIST_FILE = "Farm FreshUITests/Info.plist";
				LD_RUNPATH_SEARCH_PATHS = "$(inherited) @executable_path/Frameworks @loader_path/Frameworks";
				PRODUCT_BUNDLE_IDENTIFIER = "com.farmfresh.Farm-FreshUITests";
				PRODUCT_NAME = "$(TARGET_NAME)";
				PROVISIONING_PROFILE = "44624000-7da9-4f98-ba6f-cdaf2a1f5c24";
				TEST_TARGET_NAME = "Farm Fresh";
				USES_XCTRUNNER = YES;
			};
			name = Debug;
		};
		054A15021C8B9FD600F32A17 /* Release */ = {
			isa = XCBuildConfiguration;
			buildSettings = {
				CODE_SIGN_IDENTITY = "iPhone Distribution";
				INFOPLIST_FILE = "Farm FreshUITests/Info.plist";
				LD_RUNPATH_SEARCH_PATHS = "$(inherited) @executable_path/Frameworks @loader_path/Frameworks";
				PRODUCT_BUNDLE_IDENTIFIER = "com.farmfresh.Farm-FreshUITests";
				PRODUCT_NAME = "$(TARGET_NAME)";
				PROVISIONING_PROFILE = "44624000-7da9-4f98-ba6f-cdaf2a1f5c24";
				TEST_TARGET_NAME = "Farm Fresh";
				USES_XCTRUNNER = YES;
			};
			name = Release;
		};
/* End XCBuildConfiguration section */

/* Begin XCConfigurationList section */
		054A14C51C8B9FD600F32A17 /* Build configuration list for PBXProject "Farm Fresh" */ = {
			isa = XCConfigurationList;
			buildConfigurations = (
				054A14F81C8B9FD600F32A17 /* Debug */,
				054A14F91C8B9FD600F32A17 /* Release */,
			);
			defaultConfigurationIsVisible = 0;
			defaultConfigurationName = Release;
		};
		054A14FA1C8B9FD600F32A17 /* Build configuration list for PBXNativeTarget "Farm Fresh" */ = {
			isa = XCConfigurationList;
			buildConfigurations = (
				054A14FB1C8B9FD600F32A17 /* Debug */,
				054A14FC1C8B9FD600F32A17 /* Release */,
			);
			defaultConfigurationIsVisible = 0;
			defaultConfigurationName = Release;
		};
		054A14FD1C8B9FD600F32A17 /* Build configuration list for PBXNativeTarget "Farm FreshTests" */ = {
			isa = XCConfigurationList;
			buildConfigurations = (
				054A14FE1C8B9FD600F32A17 /* Debug */,
				054A14FF1C8B9FD600F32A17 /* Release */,
			);
			defaultConfigurationIsVisible = 0;
			defaultConfigurationName = Release;
		};
		054A15001C8B9FD600F32A17 /* Build configuration list for PBXNativeTarget "Farm FreshUITests" */ = {
			isa = XCConfigurationList;
			buildConfigurations = (
				054A15011C8B9FD600F32A17 /* Debug */,
				054A15021C8B9FD600F32A17 /* Release */,
			);
			defaultConfigurationIsVisible = 0;
			defaultConfigurationName = Release;
		};
/* End XCConfigurationList section */

/* Begin XCVersionGroup section */
		054A14D91C8B9FD600F32A17 /* Farm_Fresh.xcdatamodeld */ = {
			isa = XCVersionGroup;
			children = (
				054A14DA1C8B9FD600F32A17 /* Farm_Fresh.xcdatamodel */,
			);
			currentVersion = 054A14DA1C8B9FD600F32A17 /* Farm_Fresh.xcdatamodel */;
			path = Farm_Fresh.xcdatamodeld;
			sourceTree = "<group>";
			versionGroupType = wrapper.xcdatamodel;
		};
/* End XCVersionGroup section */
	};
	rootObject = 054A14C21C8B9FD600F32A17 /* Project object */;
}
